// !$*UTF8*$!
{
	archiveVersion = 1;
	classes = {
	};
	objectVersion = 45;
	objects = {

/* Begin PBXBuildFile section */
		1D3623260D0F684500981E51 /* HoccerAppDelegate.m in Sources */ = {isa = PBXBuildFile; fileRef = 1D3623250D0F684500981E51 /* HoccerAppDelegate.m */; };
		1D60589B0D05DD56006BFB54 /* main.m in Sources */ = {isa = PBXBuildFile; fileRef = 29B97316FDCFA39411CA2CEA /* main.m */; };
		1D60589F0D05DD5A006BFB54 /* Foundation.framework in Frameworks */ = {isa = PBXBuildFile; fileRef = 1D30AB110D05D00D00671497 /* Foundation.framework */; };
		1DF5F4E00D08C38300B7A737 /* UIKit.framework in Frameworks */ = {isa = PBXBuildFile; fileRef = 1DF5F4DF0D08C38300B7A737 /* UIKit.framework */; };
		223BC3471055358E00ABE5A2 /* PeerGroupRequest.m in Sources */ = {isa = PBXBuildFile; fileRef = 223BC3461055358E00ABE5A2 /* PeerGroupRequest.m */; };
		223BC35F10553B2400ABE5A2 /* CoreLocation.framework in Frameworks */ = {isa = PBXBuildFile; fileRef = 223BC35E10553B2400ABE5A2 /* CoreLocation.framework */; };
		223BC41B1055556200ABE5A2 /* NSObject+SBJSON.m in Sources */ = {isa = PBXBuildFile; fileRef = 223BC4101055556200ABE5A2 /* NSObject+SBJSON.m */; };
		223BC41C1055556200ABE5A2 /* NSString+SBJSON.m in Sources */ = {isa = PBXBuildFile; fileRef = 223BC4121055556200ABE5A2 /* NSString+SBJSON.m */; };
		223BC41D1055556200ABE5A2 /* SBJSON.m in Sources */ = {isa = PBXBuildFile; fileRef = 223BC4141055556200ABE5A2 /* SBJSON.m */; };
		223BC41E1055556200ABE5A2 /* SBJsonBase.m in Sources */ = {isa = PBXBuildFile; fileRef = 223BC4161055556200ABE5A2 /* SBJsonBase.m */; };
		223BC41F1055556200ABE5A2 /* SBJsonParser.m in Sources */ = {isa = PBXBuildFile; fileRef = 223BC4181055556200ABE5A2 /* SBJsonParser.m */; };
		223BC4201055556200ABE5A2 /* SBJsonWriter.m in Sources */ = {isa = PBXBuildFile; fileRef = 223BC41A1055556200ABE5A2 /* SBJsonWriter.m */; };
		223BC44010555B2700ABE5A2 /* NSObject+DelegateHelper.m in Sources */ = {isa = PBXBuildFile; fileRef = 223BC43F10555B2700ABE5A2 /* NSObject+DelegateHelper.m */; };
		223BC4A71055671C00ABE5A2 /* PeerGroupPollingRequest.m in Sources */ = {isa = PBXBuildFile; fileRef = 223BC4A61055671C00ABE5A2 /* PeerGroupPollingRequest.m */; };
		224F8A9C108CBB4300F69B53 /* PreviewView.m in Sources */ = {isa = PBXBuildFile; fileRef = 224F8A9B108CBB4300F69B53 /* PreviewView.m */; };
		226496261070DD56006D33E2 /* ThrowDetector.m in Sources */ = {isa = PBXBuildFile; fileRef = 226496251070DD56006D33E2 /* ThrowDetector.m */; };
		226496271070DD56006D33E2 /* ThrowDetector.m in Sources */ = {isa = PBXBuildFile; fileRef = 226496251070DD56006D33E2 /* ThrowDetector.m */; };
		22719E8F1083207700F84755 /* ABPersonCreator.m in Sources */ = {isa = PBXBuildFile; fileRef = 22719E8E1083207700F84755 /* ABPersonCreator.m */; };
		22719E901083207700F84755 /* ABPersonCreator.m in Sources */ = {isa = PBXBuildFile; fileRef = 22719E8E1083207700F84755 /* ABPersonCreator.m */; };
		22719E9B108321C600F84755 /* ABPersonCreatorTest.m in Sources */ = {isa = PBXBuildFile; fileRef = 22719E9A108321C600F84755 /* ABPersonCreatorTest.m */; };
		22719FF0108346DF00F84755 /* AudioToolbox.framework in Frameworks */ = {isa = PBXBuildFile; fileRef = 22719FEF108346DF00F84755 /* AudioToolbox.framework */; };
		22719FF1108346DF00F84755 /* AudioToolbox.framework in Frameworks */ = {isa = PBXBuildFile; fileRef = 22719FEF108346DF00F84755 /* AudioToolbox.framework */; };
		2271A00C108347C800F84755 /* FeedbackProvider.m in Sources */ = {isa = PBXBuildFile; fileRef = 2271A00B108347C800F84755 /* FeedbackProvider.m */; };
		2271A00D108347C800F84755 /* FeedbackProvider.m in Sources */ = {isa = PBXBuildFile; fileRef = 2271A00B108347C800F84755 /* FeedbackProvider.m */; };
		2271A01A10835B8900F84755 /* catch_sound.wav in Resources */ = {isa = PBXBuildFile; fileRef = 2271A01810835B8900F84755 /* catch_sound.wav */; };
		2271A01B10835B8900F84755 /* throw_sound.wav in Resources */ = {isa = PBXBuildFile; fileRef = 2271A01910835B8900F84755 /* throw_sound.wav */; };
		2271A04B1083665E00F84755 /* tap_sound.wav in Resources */ = {isa = PBXBuildFile; fileRef = 2271A04A1083665E00F84755 /* tap_sound.wav */; };
		2271E1A2109EDCFE003D5C68 /* TermOfUse.m in Sources */ = {isa = PBXBuildFile; fileRef = 2271E1A0109EDCFE003D5C68 /* TermOfUse.m */; };
		2271E1A3109EDCFE003D5C68 /* TermOfUse.xib in Resources */ = {isa = PBXBuildFile; fileRef = 2271E1A1109EDCFE003D5C68 /* TermOfUse.xib */; };
		2271E216109F0260003D5C68 /* DragUpMenuViewController.m in Sources */ = {isa = PBXBuildFile; fileRef = 2271E214109F0260003D5C68 /* DragUpMenuViewController.m */; };
		2271E217109F0260003D5C68 /* DragUpMenuViewController.xib in Resources */ = {isa = PBXBuildFile; fileRef = 2271E215109F0260003D5C68 /* DragUpMenuViewController.xib */; };
		2271E2E7109F26EE003D5C68 /* QuartzCore.framework in Frameworks */ = {isa = PBXBuildFile; fileRef = 2271E2E6109F26EE003D5C68 /* QuartzCore.framework */; };
		2271E32C109F355A003D5C68 /* ACThinProgressView.m in Sources */ = {isa = PBXBuildFile; fileRef = 2271E32B109F355A003D5C68 /* ACThinProgressView.m */; };
		227333EE1056426D004228B4 /* icon.png in Resources */ = {isa = PBXBuildFile; fileRef = 227333ED1056426D004228B4 /* icon.png */; };
		2273358D10566826004228B4 /* DownloadRequest.m in Sources */ = {isa = PBXBuildFile; fileRef = 2273358C10566826004228B4 /* DownloadRequest.m */; };
		22762D78105E4A24003BF968 /* AccelerometerTestFrameworkTests.m in Sources */ = {isa = PBXBuildFile; fileRef = 22762D77105E4A24003BF968 /* AccelerometerTestFrameworkTests.m */; };
		22762DDC105E541D003BF968 /* MockedAccelerometerDelegate.m in Sources */ = {isa = PBXBuildFile; fileRef = 22762DD9105E541D003BF968 /* MockedAccelerometerDelegate.m */; };
		22762DDD105E541D003BF968 /* UIAccelerometer+TestPlayback.m in Sources */ = {isa = PBXBuildFile; fileRef = 22762DDB105E541D003BF968 /* UIAccelerometer+TestPlayback.m */; };
		22762F62105E78AF003BF968 /* 2_values.txt in Resources */ = {isa = PBXBuildFile; fileRef = 22762F61105E78AF003BF968 /* 2_values.txt */; };
		22762FA8105E7D88003BF968 /* UIAcceleration+TestSetters.m in Sources */ = {isa = PBXBuildFile; fileRef = 22762FA7105E7D88003BF968 /* UIAcceleration+TestSetters.m */; };
		22762FB8105E84B5003BF968 /* GesturesInterpreter.m in Sources */ = {isa = PBXBuildFile; fileRef = 22762FB7105E84B5003BF968 /* GesturesInterpreter.m */; };
		22762FBC105E8589003BF968 /* AccelerationRecorder.m in Sources */ = {isa = PBXBuildFile; fileRef = 22762FBB105E8589003BF968 /* AccelerationRecorder.m */; };
		227687C2109047E4000528E8 /* ACPerson.m in Sources */ = {isa = PBXBuildFile; fileRef = 227687C1109047E4000528E8 /* ACPerson.m */; };
		22783D891067ABBB00B244F7 /* MapKit.framework in Frameworks */ = {isa = PBXBuildFile; fileRef = 22783D881067ABBB00B244F7 /* MapKit.framework */; };
		22783D8A1067ABBB00B244F7 /* MapKit.framework in Frameworks */ = {isa = PBXBuildFile; fileRef = 22783D881067ABBB00B244F7 /* MapKit.framework */; };
		2278AAD710A2E065009716A2 /* HiddenViewScrollViewDelegate.m in Sources */ = {isa = PBXBuildFile; fileRef = 2278AAD610A2E065009716A2 /* HiddenViewScrollViewDelegate.m */; };
		2278AB1110A2E3CB009716A2 /* Photo.png in Resources */ = {isa = PBXBuildFile; fileRef = 2278AB0E10A2E3CB009716A2 /* Photo.png */; };
		2278AB1210A2E3CB009716A2 /* Text.png in Resources */ = {isa = PBXBuildFile; fileRef = 2278AB0F10A2E3CB009716A2 /* Text.png */; };
		22791C59108C570F00059D05 /* HoccerVcard.m in Sources */ = {isa = PBXBuildFile; fileRef = 22791C58108C570F00059D05 /* HoccerVcard.m */; };
		22798E2E105F7F4C0035C643 /* AccelerationRecorder.m in Sources */ = {isa = PBXBuildFile; fileRef = 22762FBB105E8589003BF968 /* AccelerationRecorder.m */; };
		22798F46105FABAD0035C643 /* DebugViewController.m in Sources */ = {isa = PBXBuildFile; fileRef = 22798F44105FABAD0035C643 /* DebugViewController.m */; };
		22798F47105FABAD0035C643 /* DebugViewController.xib in Resources */ = {isa = PBXBuildFile; fileRef = 22798F45105FABAD0035C643 /* DebugViewController.xib */; };
		22798FE9105FC9D90035C643 /* HoccerImage.m in Sources */ = {isa = PBXBuildFile; fileRef = 22798FE6105FC9D90035C643 /* HoccerImage.m */; };
		22798FEA105FC9D90035C643 /* HoccerUrl.m in Sources */ = {isa = PBXBuildFile; fileRef = 22798FE8105FC9D90035C643 /* HoccerUrl.m */; };
		22798FEE105FCA1E0035C643 /* HoccerContentFactory.m in Sources */ = {isa = PBXBuildFile; fileRef = 22798FED105FCA1E0035C643 /* HoccerContentFactory.m */; };
		22799025105FD87D0035C643 /* HoccerImage.m in Sources */ = {isa = PBXBuildFile; fileRef = 22798FE6105FC9D90035C643 /* HoccerImage.m */; };
		22799026105FD8810035C643 /* HoccerUrl.m in Sources */ = {isa = PBXBuildFile; fileRef = 22798FE8105FC9D90035C643 /* HoccerUrl.m */; };
		22799027105FD8870035C643 /* HoccerContentFactory.m in Sources */ = {isa = PBXBuildFile; fileRef = 22798FED105FCA1E0035C643 /* HoccerContentFactory.m */; };
		22799046105FDCEB0035C643 /* HoccerText.m in Sources */ = {isa = PBXBuildFile; fileRef = 22799045105FDCEB0035C643 /* HoccerText.m */; };
		22799047105FDCEB0035C643 /* HoccerText.m in Sources */ = {isa = PBXBuildFile; fileRef = 22799045105FDCEB0035C643 /* HoccerText.m */; };
		227990F5105FE97D0035C643 /* ContentFactoryTests.m in Sources */ = {isa = PBXBuildFile; fileRef = 227990F4105FE97D0035C643 /* ContentFactoryTests.m */; };
		227990FB105FEA140035C643 /* ReceivedContentView.m in Sources */ = {isa = PBXBuildFile; fileRef = 227990F9105FEA140035C643 /* ReceivedContentView.m */; };
		227990FC105FEA140035C643 /* ReceivedContentView.xib in Resources */ = {isa = PBXBuildFile; fileRef = 227990FA105FEA140035C643 /* ReceivedContentView.xib */; };
		227A94D7109713AB008CE547 /* HelpScreen.m in Sources */ = {isa = PBXBuildFile; fileRef = 227A94D5109713AB008CE547 /* HelpScreen.m */; };
		227A94D8109713AB008CE547 /* HelpScreen.xib in Resources */ = {isa = PBXBuildFile; fileRef = 227A94D6109713AB008CE547 /* HelpScreen.xib */; };
		227A94F810971A9C008CE547 /* HelpScrollView.m in Sources */ = {isa = PBXBuildFile; fileRef = 227A94F610971A9C008CE547 /* HelpScrollView.m */; };
		227A94F910971A9C008CE547 /* HelpScrollView.xib in Resources */ = {isa = PBXBuildFile; fileRef = 227A94F710971A9C008CE547 /* HelpScrollView.xib */; };
		227A960910973CED008CE547 /* MediaPlayer.framework in Frameworks */ = {isa = PBXBuildFile; fileRef = 227A960810973CED008CE547 /* MediaPlayer.framework */; };
		227A963710974BD3008CE547 /* HelpContent.m in Sources */ = {isa = PBXBuildFile; fileRef = 227A963610974BD3008CE547 /* HelpContent.m */; };
		227B5DE6107DEB830012BBA6 /* VcardWriterTests.m in Sources */ = {isa = PBXBuildFile; fileRef = 229DAF57107B3BF400B47ABE /* VcardWriterTests.m */; };
		227B5E16107DEE3A0012BBA6 /* VcardParserTests.m in Sources */ = {isa = PBXBuildFile; fileRef = 227B5CDD107DE1A80012BBA6 /* VcardParserTests.m */; };
		227B5E17107DEE3F0012BBA6 /* VcardParser.m in Sources */ = {isa = PBXBuildFile; fileRef = 227B5CE4107DE3D30012BBA6 /* VcardParser.m */; };
		227B5E18107DEE3F0012BBA6 /* VcardParser.m in Sources */ = {isa = PBXBuildFile; fileRef = 227B5CE4107DE3D30012BBA6 /* VcardParser.m */; };
		227B5E3C107DF4F70012BBA6 /* MockedParserDelegate.m in Sources */ = {isa = PBXBuildFile; fileRef = 227B5E3B107DF4F70012BBA6 /* MockedParserDelegate.m */; };
		2281001010A9A5A800DFA0BF /* Help_Catch_Icon.png in Resources */ = {isa = PBXBuildFile; fileRef = 2281000F10A9A5A800DFA0BF /* Help_Catch_Icon.png */; };
		2281002710A9A8DD00DFA0BF /* Help_Throw_Icon.png in Resources */ = {isa = PBXBuildFile; fileRef = 2281002610A9A8DD00DFA0BF /* Help_Throw_Icon.png */; };
		2281009110A9C1A000DFA0BF /* Help_Highlighted.png in Resources */ = {isa = PBXBuildFile; fileRef = 2281008D10A9C1A000DFA0BF /* Help_Highlighted.png */; };
		2281009210A9C1A000DFA0BF /* Help_Button.png in Resources */ = {isa = PBXBuildFile; fileRef = 2281008E10A9C1A000DFA0BF /* Help_Button.png */; };
		2281009310A9C1A000DFA0BF /* Info_Highlighted.png in Resources */ = {isa = PBXBuildFile; fileRef = 2281008F10A9C1A000DFA0BF /* Info_Highlighted.png */; };
		2281009410A9C1A000DFA0BF /* Info_Button.png in Resources */ = {isa = PBXBuildFile; fileRef = 2281009010A9C1A000DFA0BF /* Info_Button.png */; };
		2281FF1110A96D2700DFA0BF /* Throw_Icon.png in Resources */ = {isa = PBXBuildFile; fileRef = 2281FF1010A96D2700DFA0BF /* Throw_Icon.png */; };
		2281FF8510A9810F00DFA0BF /* Close.png in Resources */ = {isa = PBXBuildFile; fileRef = 2281FF8410A9810F00DFA0BF /* Close.png */; };
		2281FFD910A99F6200DFA0BF /* Header_Training.png in Resources */ = {isa = PBXBuildFile; fileRef = 2281FFD810A99F6200DFA0BF /* Header_Training.png */; };
		2281FFE710A9A13200DFA0BF /* Play_Video_Button.png in Resources */ = {isa = PBXBuildFile; fileRef = 2281FFE610A9A13200DFA0BF /* Play_Video_Button.png */; };
		2281FFF510A9A38A00DFA0BF /* Back_Button.png in Resources */ = {isa = PBXBuildFile; fileRef = 2281FFF310A9A38A00DFA0BF /* Back_Button.png */; };
		2281FFF610A9A38A00DFA0BF /* Back_Highlighted.png in Resources */ = {isa = PBXBuildFile; fileRef = 2281FFF410A9A38A00DFA0BF /* Back_Highlighted.png */; };
		228275C1106A107A00AAC17E /* RegExpTests.m in Sources */ = {isa = PBXBuildFile; fileRef = 228275C0106A107A00AAC17E /* RegExpTests.m */; };
		228275E5106A157A00AAC17E /* NSString+Regexp.m in Sources */ = {isa = PBXBuildFile; fileRef = 228275E4106A157A00AAC17E /* NSString+Regexp.m */; };
		228275E6106A157A00AAC17E /* NSString+Regexp.m in Sources */ = {isa = PBXBuildFile; fileRef = 228275E4106A157A00AAC17E /* NSString+Regexp.m */; };
		228276E6106A374300AAC17E /* CatchDetector.m in Sources */ = {isa = PBXBuildFile; fileRef = 228276E5106A374300AAC17E /* CatchDetector.m */; };
		228276E7106A374300AAC17E /* CatchDetector.m in Sources */ = {isa = PBXBuildFile; fileRef = 228276E5106A374300AAC17E /* CatchDetector.m */; };
		228989671067CB9200FB3E5D /* LineFeature.m in Sources */ = {isa = PBXBuildFile; fileRef = 228989661067CB9200FB3E5D /* LineFeature.m */; };
		228989681067CB9200FB3E5D /* LineFeature.m in Sources */ = {isa = PBXBuildFile; fileRef = 228989661067CB9200FB3E5D /* LineFeature.m */; };
		2289896B1067CC1C00FB3E5D /* LineFeatureTests.m in Sources */ = {isa = PBXBuildFile; fileRef = 2289896A1067CC1C00FB3E5D /* LineFeatureTests.m */; };
		228989741067CC4200FB3E5D /* BaseHoccerRequest.m in Sources */ = {isa = PBXBuildFile; fileRef = 2289896D1067CC4200FB3E5D /* BaseHoccerRequest.m */; };
		228989751067CC4200FB3E5D /* HoccerDownloadRequest.m in Sources */ = {isa = PBXBuildFile; fileRef = 2289896F1067CC4200FB3E5D /* HoccerDownloadRequest.m */; };
		228989761067CC4200FB3E5D /* HoccerUploadRequest.m in Sources */ = {isa = PBXBuildFile; fileRef = 228989711067CC4200FB3E5D /* HoccerUploadRequest.m */; };
		228989771067CC4200FB3E5D /* UploadRequest.m in Sources */ = {isa = PBXBuildFile; fileRef = 228989731067CC4200FB3E5D /* UploadRequest.m */; };
		229DAF13107B331F00B47ABE /* AddressBook.framework in Frameworks */ = {isa = PBXBuildFile; fileRef = 229DAF11107B331F00B47ABE /* AddressBook.framework */; };
		229DAF14107B331F00B47ABE /* AddressBookUI.framework in Frameworks */ = {isa = PBXBuildFile; fileRef = 229DAF12107B331F00B47ABE /* AddressBookUI.framework */; };
		229DAF23107B385B00B47ABE /* VcardWriter.m in Sources */ = {isa = PBXBuildFile; fileRef = 229DAF22107B385B00B47ABE /* VcardWriter.m */; };
		229DAF24107B385B00B47ABE /* VcardWriter.m in Sources */ = {isa = PBXBuildFile; fileRef = 229DAF22107B385B00B47ABE /* VcardWriter.m */; };
		22A019241099C482007FCC59 /* bump_180.m4v in Resources */ = {isa = PBXBuildFile; fileRef = 22A019211099C482007FCC59 /* bump_180.m4v */; };
		22A019251099C482007FCC59 /* catch_180.m4v in Resources */ = {isa = PBXBuildFile; fileRef = 22A019221099C482007FCC59 /* catch_180.m4v */; };
		22A019261099C482007FCC59 /* throw_180.m4v in Resources */ = {isa = PBXBuildFile; fileRef = 22A019231099C482007FCC59 /* throw_180.m4v */; };
		22BC5D4C107B46D900497EF4 /* AddressBook.framework in Frameworks */ = {isa = PBXBuildFile; fileRef = 229DAF11107B331F00B47ABE /* AddressBook.framework */; };
		22BC5D90107B4C3B00497EF4 /* ABPersonVCardCreator.m in Sources */ = {isa = PBXBuildFile; fileRef = 22BC5D8F107B4C3B00497EF4 /* ABPersonVCardCreator.m */; };
		22BC5D91107B4C3B00497EF4 /* ABPersonVCardCreator.m in Sources */ = {isa = PBXBuildFile; fileRef = 22BC5D8F107B4C3B00497EF4 /* ABPersonVCardCreator.m */; };
		22BC5F02107B9A0200497EF4 /* NSString+StringWithData.m in Sources */ = {isa = PBXBuildFile; fileRef = 22BC5F01107B9A0200497EF4 /* NSString+StringWithData.m */; };
		22BC5F03107B9A0200497EF4 /* NSString+StringWithData.m in Sources */ = {isa = PBXBuildFile; fileRef = 22BC5F01107B9A0200497EF4 /* NSString+StringWithData.m */; };
		22C72D0B1096036B00CB3BD8 /* GTMUIImage+Resize.m in Sources */ = {isa = PBXBuildFile; fileRef = 22C72D0A1096036B00CB3BD8 /* GTMUIImage+Resize.m */; };
		22CAB7121084BC59001C184D /* SelectViewController.m in Sources */ = {isa = PBXBuildFile; fileRef = 22CAB7101084BC59001C184D /* SelectViewController.m */; };
		22CAB7131084BC59001C184D /* SelectViewController.xib in Resources */ = {isa = PBXBuildFile; fileRef = 22CAB7111084BC59001C184D /* SelectViewController.xib */; };
		22D49E2E1068D07C00B03B61 /* FeatureHistory.m in Sources */ = {isa = PBXBuildFile; fileRef = 22D49E2D1068D07C00B03B61 /* FeatureHistory.m */; };
		22D49E2F1068D07C00B03B61 /* FeatureHistory.m in Sources */ = {isa = PBXBuildFile; fileRef = 22D49E2D1068D07C00B03B61 /* FeatureHistory.m */; };
		22D49E321068D09700B03B61 /* FeatureHistoryTests.m in Sources */ = {isa = PBXBuildFile; fileRef = 22D49E311068D09700B03B61 /* FeatureHistoryTests.m */; };
		22D72F8A10A83760000AEA79 /* Contacts.png in Resources */ = {isa = PBXBuildFile; fileRef = 22D72F8910A83760000AEA79 /* Contacts.png */; };
		22D72F9610A8384D000AEA79 /* Contacts_Highlighted.png in Resources */ = {isa = PBXBuildFile; fileRef = 22D72F9310A8384C000AEA79 /* Contacts_Highlighted.png */; };
		22D72F9710A8384D000AEA79 /* Photo_Highlighted.png in Resources */ = {isa = PBXBuildFile; fileRef = 22D72F9410A8384D000AEA79 /* Photo_Highlighted.png */; };
		22D72F9810A8384D000AEA79 /* Text_Highlighted.png in Resources */ = {isa = PBXBuildFile; fileRef = 22D72F9510A8384D000AEA79 /* Text_Highlighted.png */; };
		22D72FE710A8498B000AEA79 /* Arrow.png in Resources */ = {isa = PBXBuildFile; fileRef = 22D72FE610A8498B000AEA79 /* Arrow.png */; };
		22D7300A10A84EF8000AEA79 /* Background.png in Resources */ = {isa = PBXBuildFile; fileRef = 22D7300910A84EF8000AEA79 /* Background.png */; };
		22D7303E10A85CA0000AEA79 /* Header.png in Resources */ = {isa = PBXBuildFile; fileRef = 22D7303D10A85CA0000AEA79 /* Header.png */; };
		22D7304510A85F3D000AEA79 /* Map.png in Resources */ = {isa = PBXBuildFile; fileRef = 22D7304410A85F3D000AEA79 /* Map.png */; };
		22D730B710A879AA000AEA79 /* Photobox.png in Resources */ = {isa = PBXBuildFile; fileRef = 22D730B610A879AA000AEA79 /* Photobox.png */; };
		22D7313B10A88600000AEA79 /* Catch_Icon.png in Resources */ = {isa = PBXBuildFile; fileRef = 22D7313A10A88600000AEA79 /* Catch_Icon.png */; };
		22D7314E10A88E34000AEA79 /* Close_Highlighted.png in Resources */ = {isa = PBXBuildFile; fileRef = 22D7314D10A88E34000AEA79 /* Close_Highlighted.png */; };
		22D7317510A89291000AEA79 /* Contactbox.png in Resources */ = {isa = PBXBuildFile; fileRef = 22D7317410A89291000AEA79 /* Contactbox.png */; };
		288765A50DF7441C002DB57D /* CoreGraphics.framework in Frameworks */ = {isa = PBXBuildFile; fileRef = 288765A40DF7441C002DB57D /* CoreGraphics.framework */; };
		2899E5220DE3E06400AC0155 /* HoccerViewController.xib in Resources */ = {isa = PBXBuildFile; fileRef = 2899E5210DE3E06400AC0155 /* HoccerViewController.xib */; };
		28AD733F0D9D9553002E5188 /* MainWindow.xib in Resources */ = {isa = PBXBuildFile; fileRef = 28AD733E0D9D9553002E5188 /* MainWindow.xib */; };
		28B19B2810A2EF320075CD0D /* artcomtech_286px_white.png in Resources */ = {isa = PBXBuildFile; fileRef = 28B19B2710A2EF320075CD0D /* artcomtech_286px_white.png */; };
		28B19B2A10A2F01E0075CD0D /* artcomtech_260px_white.png in Resources */ = {isa = PBXBuildFile; fileRef = 28B19B2910A2F01E0075CD0D /* artcomtech_260px_white.png */; };
		28D161901095EE1200858642 /* myicon.png in Resources */ = {isa = PBXBuildFile; fileRef = 28D1618F1095EE1200858642 /* myicon.png */; };
		28D161971095F27B00858642 /* receive.png in Resources */ = {isa = PBXBuildFile; fileRef = 28D161961095F27B00858642 /* receive.png */; };
		28D7ACF80DDB3853001CB0EB /* HoccerViewController.m in Sources */ = {isa = PBXBuildFile; fileRef = 28D7ACF70DDB3853001CB0EB /* HoccerViewController.m */; };
		E64B7801109491AA0005ACA3 /* AboutViewController.m in Sources */ = {isa = PBXBuildFile; fileRef = E64B77FF109491AA0005ACA3 /* AboutViewController.m */; };
		E64B7802109491AA0005ACA3 /* AboutViewController.xib in Resources */ = {isa = PBXBuildFile; fileRef = E64B7800109491AA0005ACA3 /* AboutViewController.xib */; };
/* End PBXBuildFile section */

/* Begin PBXContainerItemProxy section */
		22798DFF105F7DBD0035C643 /* PBXContainerItemProxy */ = {
			isa = PBXContainerItemProxy;
			containerPortal = 29B97313FDCFA39411CA2CEA /* Project object */;
			proxyType = 1;
			remoteGlobalIDString = 1D6058900D05DD3D006BFB54;
			remoteInfo = Hoccer;
		};
/* End PBXContainerItemProxy section */

/* Begin PBXFileReference section */
		1D30AB110D05D00D00671497 /* Foundation.framework */ = {isa = PBXFileReference; lastKnownFileType = wrapper.framework; name = Foundation.framework; path = System/Library/Frameworks/Foundation.framework; sourceTree = SDKROOT; };
		1D3623240D0F684500981E51 /* HoccerAppDelegate.h */ = {isa = PBXFileReference; fileEncoding = 4; lastKnownFileType = sourcecode.c.h; path = HoccerAppDelegate.h; sourceTree = "<group>"; };
		1D3623250D0F684500981E51 /* HoccerAppDelegate.m */ = {isa = PBXFileReference; fileEncoding = 4; lastKnownFileType = sourcecode.c.objc; path = HoccerAppDelegate.m; sourceTree = "<group>"; };
		1D6058910D05DD3D006BFB54 /* Hoccer.app */ = {isa = PBXFileReference; explicitFileType = wrapper.application; includeInIndex = 0; path = Hoccer.app; sourceTree = BUILT_PRODUCTS_DIR; };
		1DF5F4DF0D08C38300B7A737 /* UIKit.framework */ = {isa = PBXFileReference; lastKnownFileType = wrapper.framework; name = UIKit.framework; path = System/Library/Frameworks/UIKit.framework; sourceTree = SDKROOT; };
		223BC3451055358D00ABE5A2 /* PeerGroupRequest.h */ = {isa = PBXFileReference; fileEncoding = 4; lastKnownFileType = sourcecode.c.h; name = PeerGroupRequest.h; path = Communication/PeerGroupRequest.h; sourceTree = "<group>"; };
		223BC3461055358E00ABE5A2 /* PeerGroupRequest.m */ = {isa = PBXFileReference; fileEncoding = 4; lastKnownFileType = sourcecode.c.objc; name = PeerGroupRequest.m; path = Communication/PeerGroupRequest.m; sourceTree = "<group>"; };
		223BC35E10553B2400ABE5A2 /* CoreLocation.framework */ = {isa = PBXFileReference; lastKnownFileType = wrapper.framework; name = CoreLocation.framework; path = System/Library/Frameworks/CoreLocation.framework; sourceTree = SDKROOT; };
		223BC40E1055556200ABE5A2 /* JSON.h */ = {isa = PBXFileReference; fileEncoding = 4; lastKnownFileType = sourcecode.c.h; path = JSON.h; sourceTree = "<group>"; };
		223BC40F1055556200ABE5A2 /* NSObject+SBJSON.h */ = {isa = PBXFileReference; fileEncoding = 4; lastKnownFileType = sourcecode.c.h; path = "NSObject+SBJSON.h"; sourceTree = "<group>"; };
		223BC4101055556200ABE5A2 /* NSObject+SBJSON.m */ = {isa = PBXFileReference; fileEncoding = 4; lastKnownFileType = sourcecode.c.objc; path = "NSObject+SBJSON.m"; sourceTree = "<group>"; };
		223BC4111055556200ABE5A2 /* NSString+SBJSON.h */ = {isa = PBXFileReference; fileEncoding = 4; lastKnownFileType = sourcecode.c.h; path = "NSString+SBJSON.h"; sourceTree = "<group>"; };
		223BC4121055556200ABE5A2 /* NSString+SBJSON.m */ = {isa = PBXFileReference; fileEncoding = 4; lastKnownFileType = sourcecode.c.objc; path = "NSString+SBJSON.m"; sourceTree = "<group>"; };
		223BC4131055556200ABE5A2 /* SBJSON.h */ = {isa = PBXFileReference; fileEncoding = 4; lastKnownFileType = sourcecode.c.h; path = SBJSON.h; sourceTree = "<group>"; };
		223BC4141055556200ABE5A2 /* SBJSON.m */ = {isa = PBXFileReference; fileEncoding = 4; lastKnownFileType = sourcecode.c.objc; path = SBJSON.m; sourceTree = "<group>"; };
		223BC4151055556200ABE5A2 /* SBJsonBase.h */ = {isa = PBXFileReference; fileEncoding = 4; lastKnownFileType = sourcecode.c.h; path = SBJsonBase.h; sourceTree = "<group>"; };
		223BC4161055556200ABE5A2 /* SBJsonBase.m */ = {isa = PBXFileReference; fileEncoding = 4; lastKnownFileType = sourcecode.c.objc; path = SBJsonBase.m; sourceTree = "<group>"; };
		223BC4171055556200ABE5A2 /* SBJsonParser.h */ = {isa = PBXFileReference; fileEncoding = 4; lastKnownFileType = sourcecode.c.h; path = SBJsonParser.h; sourceTree = "<group>"; };
		223BC4181055556200ABE5A2 /* SBJsonParser.m */ = {isa = PBXFileReference; fileEncoding = 4; lastKnownFileType = sourcecode.c.objc; path = SBJsonParser.m; sourceTree = "<group>"; };
		223BC4191055556200ABE5A2 /* SBJsonWriter.h */ = {isa = PBXFileReference; fileEncoding = 4; lastKnownFileType = sourcecode.c.h; path = SBJsonWriter.h; sourceTree = "<group>"; };
		223BC41A1055556200ABE5A2 /* SBJsonWriter.m */ = {isa = PBXFileReference; fileEncoding = 4; lastKnownFileType = sourcecode.c.objc; path = SBJsonWriter.m; sourceTree = "<group>"; };
		223BC43E10555B2700ABE5A2 /* NSObject+DelegateHelper.h */ = {isa = PBXFileReference; fileEncoding = 4; lastKnownFileType = sourcecode.c.h; name = "NSObject+DelegateHelper.h"; path = "Helper/NSObject+DelegateHelper.h"; sourceTree = "<group>"; };
		223BC43F10555B2700ABE5A2 /* NSObject+DelegateHelper.m */ = {isa = PBXFileReference; fileEncoding = 4; lastKnownFileType = sourcecode.c.objc; name = "NSObject+DelegateHelper.m"; path = "Helper/NSObject+DelegateHelper.m"; sourceTree = "<group>"; };
		223BC4A51055671C00ABE5A2 /* PeerGroupPollingRequest.h */ = {isa = PBXFileReference; fileEncoding = 4; lastKnownFileType = sourcecode.c.h; name = PeerGroupPollingRequest.h; path = Communication/PeerGroupPollingRequest.h; sourceTree = "<group>"; };
		223BC4A61055671C00ABE5A2 /* PeerGroupPollingRequest.m */ = {isa = PBXFileReference; fileEncoding = 4; lastKnownFileType = sourcecode.c.objc; name = PeerGroupPollingRequest.m; path = Communication/PeerGroupPollingRequest.m; sourceTree = "<group>"; };
		224F8A9A108CBB4300F69B53 /* PreviewView.h */ = {isa = PBXFileReference; fileEncoding = 4; lastKnownFileType = sourcecode.c.h; name = PreviewView.h; path = View/PreviewView.h; sourceTree = "<group>"; };
		224F8A9B108CBB4300F69B53 /* PreviewView.m */ = {isa = PBXFileReference; fileEncoding = 4; lastKnownFileType = sourcecode.c.objc; name = PreviewView.m; path = View/PreviewView.m; sourceTree = "<group>"; };
		226496241070DD56006D33E2 /* ThrowDetector.h */ = {isa = PBXFileReference; fileEncoding = 4; lastKnownFileType = sourcecode.c.h; name = ThrowDetector.h; path = GesturesInterpreter/ThrowDetector.h; sourceTree = "<group>"; };
		226496251070DD56006D33E2 /* ThrowDetector.m */ = {isa = PBXFileReference; fileEncoding = 4; lastKnownFileType = sourcecode.c.objc; name = ThrowDetector.m; path = GesturesInterpreter/ThrowDetector.m; sourceTree = "<group>"; };
		22719D7B1083149D00F84755 /* VcardParserDelegate.h */ = {isa = PBXFileReference; fileEncoding = 4; lastKnownFileType = sourcecode.c.h; path = VcardParserDelegate.h; sourceTree = "<group>"; };
		22719E8D1083207700F84755 /* ABPersonCreator.h */ = {isa = PBXFileReference; fileEncoding = 4; lastKnownFileType = sourcecode.c.h; name = ABPersonCreator.h; path = AddressBook/ABPersonCreator.h; sourceTree = "<group>"; };
		22719E8E1083207700F84755 /* ABPersonCreator.m */ = {isa = PBXFileReference; fileEncoding = 4; lastKnownFileType = sourcecode.c.objc; name = ABPersonCreator.m; path = AddressBook/ABPersonCreator.m; sourceTree = "<group>"; };
		22719E99108321C600F84755 /* ABPersonCreatorTest.h */ = {isa = PBXFileReference; fileEncoding = 4; lastKnownFileType = sourcecode.c.h; name = ABPersonCreatorTest.h; path = Tests/Vcard/ABPersonCreatorTest.h; sourceTree = "<group>"; };
		22719E9A108321C600F84755 /* ABPersonCreatorTest.m */ = {isa = PBXFileReference; fileEncoding = 4; lastKnownFileType = sourcecode.c.objc; name = ABPersonCreatorTest.m; path = Tests/Vcard/ABPersonCreatorTest.m; sourceTree = "<group>"; };
		22719FEF108346DF00F84755 /* AudioToolbox.framework */ = {isa = PBXFileReference; lastKnownFileType = wrapper.framework; name = AudioToolbox.framework; path = System/Library/Frameworks/AudioToolbox.framework; sourceTree = SDKROOT; };
		2271A00A108347C800F84755 /* FeedbackProvider.h */ = {isa = PBXFileReference; fileEncoding = 4; lastKnownFileType = sourcecode.c.h; path = FeedbackProvider.h; sourceTree = "<group>"; };
		2271A00B108347C800F84755 /* FeedbackProvider.m */ = {isa = PBXFileReference; fileEncoding = 4; lastKnownFileType = sourcecode.c.objc; path = FeedbackProvider.m; sourceTree = "<group>"; };
		2271A01810835B8900F84755 /* catch_sound.wav */ = {isa = PBXFileReference; lastKnownFileType = audio.wav; name = catch_sound.wav; path = Resources/catch_sound.wav; sourceTree = "<group>"; };
		2271A01910835B8900F84755 /* throw_sound.wav */ = {isa = PBXFileReference; lastKnownFileType = audio.wav; name = throw_sound.wav; path = Resources/throw_sound.wav; sourceTree = "<group>"; };
		2271A04A1083665E00F84755 /* tap_sound.wav */ = {isa = PBXFileReference; lastKnownFileType = audio.wav; name = tap_sound.wav; path = Resources/tap_sound.wav; sourceTree = "<group>"; };
		2271E19F109EDCFE003D5C68 /* TermOfUse.h */ = {isa = PBXFileReference; fileEncoding = 4; lastKnownFileType = sourcecode.c.h; path = TermOfUse.h; sourceTree = "<group>"; };
		2271E1A0109EDCFE003D5C68 /* TermOfUse.m */ = {isa = PBXFileReference; fileEncoding = 4; lastKnownFileType = sourcecode.c.objc; path = TermOfUse.m; sourceTree = "<group>"; };
		2271E1A1109EDCFE003D5C68 /* TermOfUse.xib */ = {isa = PBXFileReference; lastKnownFileType = file.xib; path = TermOfUse.xib; sourceTree = "<group>"; };
		2271E213109F0260003D5C68 /* DragUpMenuViewController.h */ = {isa = PBXFileReference; fileEncoding = 4; lastKnownFileType = sourcecode.c.h; path = DragUpMenuViewController.h; sourceTree = "<group>"; };
		2271E214109F0260003D5C68 /* DragUpMenuViewController.m */ = {isa = PBXFileReference; fileEncoding = 4; lastKnownFileType = sourcecode.c.objc; path = DragUpMenuViewController.m; sourceTree = "<group>"; };
		2271E215109F0260003D5C68 /* DragUpMenuViewController.xib */ = {isa = PBXFileReference; lastKnownFileType = file.xib; name = DragUpMenuViewController.xib; path = Classes/DragUpMenuViewController.xib; sourceTree = "<group>"; };
		2271E2E6109F26EE003D5C68 /* QuartzCore.framework */ = {isa = PBXFileReference; lastKnownFileType = wrapper.framework; name = QuartzCore.framework; path = System/Library/Frameworks/QuartzCore.framework; sourceTree = SDKROOT; };
		2271E32A109F355A003D5C68 /* ACThinProgressView.h */ = {isa = PBXFileReference; fileEncoding = 4; lastKnownFileType = sourcecode.c.h; path = ACThinProgressView.h; sourceTree = "<group>"; };
		2271E32B109F355A003D5C68 /* ACThinProgressView.m */ = {isa = PBXFileReference; fileEncoding = 4; lastKnownFileType = sourcecode.c.objc; path = ACThinProgressView.m; sourceTree = "<group>"; };
		227333ED1056426D004228B4 /* icon.png */ = {isa = PBXFileReference; lastKnownFileType = image.png; name = icon.png; path = Resources/icon.png; sourceTree = "<group>"; };
		2273358B10566826004228B4 /* DownloadRequest.h */ = {isa = PBXFileReference; fileEncoding = 4; lastKnownFileType = sourcecode.c.h; name = DownloadRequest.h; path = Communication/DownloadRequest.h; sourceTree = "<group>"; };
		2273358C10566826004228B4 /* DownloadRequest.m */ = {isa = PBXFileReference; fileEncoding = 4; lastKnownFileType = sourcecode.c.objc; name = DownloadRequest.m; path = Communication/DownloadRequest.m; sourceTree = "<group>"; };
		22762D03105E412A003BF968 /* Test.octest */ = {isa = PBXFileReference; explicitFileType = wrapper.cfbundle; includeInIndex = 0; path = Test.octest; sourceTree = BUILT_PRODUCTS_DIR; };
		22762D04105E412A003BF968 /* Test-Info.plist */ = {isa = PBXFileReference; lastKnownFileType = text.plist.xml; path = "Test-Info.plist"; sourceTree = "<group>"; };
		22762D76105E4A24003BF968 /* AccelerometerTestFrameworkTests.h */ = {isa = PBXFileReference; fileEncoding = 4; lastKnownFileType = sourcecode.c.h; name = AccelerometerTestFrameworkTests.h; path = Tests/AccelerometerTestFrameworkTests.h; sourceTree = "<group>"; };
		22762D77105E4A24003BF968 /* AccelerometerTestFrameworkTests.m */ = {isa = PBXFileReference; fileEncoding = 4; lastKnownFileType = sourcecode.c.objc; name = AccelerometerTestFrameworkTests.m; path = Tests/AccelerometerTestFrameworkTests.m; sourceTree = "<group>"; };
		22762DD8105E541D003BF968 /* MockedAccelerometerDelegate.h */ = {isa = PBXFileReference; fileEncoding = 4; lastKnownFileType = sourcecode.c.h; name = MockedAccelerometerDelegate.h; path = Tests/AccelerometerTestFramework/MockedAccelerometerDelegate.h; sourceTree = "<group>"; };
		22762DD9105E541D003BF968 /* MockedAccelerometerDelegate.m */ = {isa = PBXFileReference; fileEncoding = 4; lastKnownFileType = sourcecode.c.objc; name = MockedAccelerometerDelegate.m; path = Tests/AccelerometerTestFramework/MockedAccelerometerDelegate.m; sourceTree = "<group>"; };
		22762DDA105E541D003BF968 /* UIAccelerometer+TestPlayback.h */ = {isa = PBXFileReference; fileEncoding = 4; lastKnownFileType = sourcecode.c.h; name = "UIAccelerometer+TestPlayback.h"; path = "Tests/AccelerometerTestFramework/UIAccelerometer+TestPlayback.h"; sourceTree = "<group>"; };
		22762DDB105E541D003BF968 /* UIAccelerometer+TestPlayback.m */ = {isa = PBXFileReference; fileEncoding = 4; lastKnownFileType = sourcecode.c.objc; name = "UIAccelerometer+TestPlayback.m"; path = "Tests/AccelerometerTestFramework/UIAccelerometer+TestPlayback.m"; sourceTree = "<group>"; };
		22762F61105E78AF003BF968 /* 2_values.txt */ = {isa = PBXFileReference; fileEncoding = 4; lastKnownFileType = text; name = 2_values.txt; path = Resources/fixtures/2_values.txt; sourceTree = "<group>"; };
		22762FA6105E7D88003BF968 /* UIAcceleration+TestSetters.h */ = {isa = PBXFileReference; fileEncoding = 4; lastKnownFileType = sourcecode.c.h; name = "UIAcceleration+TestSetters.h"; path = "Tests/AccelerometerTestFramework/UIAcceleration+TestSetters.h"; sourceTree = "<group>"; };
		22762FA7105E7D88003BF968 /* UIAcceleration+TestSetters.m */ = {isa = PBXFileReference; fileEncoding = 4; lastKnownFileType = sourcecode.c.objc; name = "UIAcceleration+TestSetters.m"; path = "Tests/AccelerometerTestFramework/UIAcceleration+TestSetters.m"; sourceTree = "<group>"; };
		22762FB5105E84B5003BF968 /* GesturesInterpreterDelegate.h */ = {isa = PBXFileReference; fileEncoding = 4; lastKnownFileType = sourcecode.c.h; name = GesturesInterpreterDelegate.h; path = GesturesInterpreter/GesturesInterpreterDelegate.h; sourceTree = "<group>"; };
		22762FB6105E84B5003BF968 /* GesturesInterpreter.h */ = {isa = PBXFileReference; fileEncoding = 4; lastKnownFileType = sourcecode.c.h; name = GesturesInterpreter.h; path = GesturesInterpreter/GesturesInterpreter.h; sourceTree = "<group>"; };
		22762FB7105E84B5003BF968 /* GesturesInterpreter.m */ = {isa = PBXFileReference; fileEncoding = 4; lastKnownFileType = sourcecode.c.objc; name = GesturesInterpreter.m; path = GesturesInterpreter/GesturesInterpreter.m; sourceTree = "<group>"; };
		22762FBA105E8589003BF968 /* AccelerationRecorder.h */ = {isa = PBXFileReference; fileEncoding = 4; lastKnownFileType = sourcecode.c.h; name = AccelerationRecorder.h; path = AccelerationRecorder/AccelerationRecorder.h; sourceTree = "<group>"; };
		22762FBB105E8589003BF968 /* AccelerationRecorder.m */ = {isa = PBXFileReference; fileEncoding = 4; lastKnownFileType = sourcecode.c.objc; name = AccelerationRecorder.m; path = AccelerationRecorder/AccelerationRecorder.m; sourceTree = "<group>"; };
		227630E1105E99E5003BF968 /* HoccerTests-Info.plist */ = {isa = PBXFileReference; lastKnownFileType = text.plist.xml; path = "HoccerTests-Info.plist"; sourceTree = "<group>"; };
		227687C0109047E4000528E8 /* ACPerson.h */ = {isa = PBXFileReference; fileEncoding = 4; lastKnownFileType = sourcecode.c.h; name = ACPerson.h; path = AddressBook/ACPerson.h; sourceTree = "<group>"; };
		227687C1109047E4000528E8 /* ACPerson.m */ = {isa = PBXFileReference; fileEncoding = 4; lastKnownFileType = sourcecode.c.objc; name = ACPerson.m; path = AddressBook/ACPerson.m; sourceTree = "<group>"; };
		22783D881067ABBB00B244F7 /* MapKit.framework */ = {isa = PBXFileReference; lastKnownFileType = wrapper.framework; name = MapKit.framework; path = System/Library/Frameworks/MapKit.framework; sourceTree = SDKROOT; };
		2278AAD510A2E065009716A2 /* HiddenViewScrollViewDelegate.h */ = {isa = PBXFileReference; fileEncoding = 4; lastKnownFileType = sourcecode.c.h; path = HiddenViewScrollViewDelegate.h; sourceTree = "<group>"; };
		2278AAD610A2E065009716A2 /* HiddenViewScrollViewDelegate.m */ = {isa = PBXFileReference; fileEncoding = 4; lastKnownFileType = sourcecode.c.objc; path = HiddenViewScrollViewDelegate.m; sourceTree = "<group>"; };
		2278AB0E10A2E3CB009716A2 /* Photo.png */ = {isa = PBXFileReference; lastKnownFileType = image.png; path = Photo.png; sourceTree = "<group>"; };
		2278AB0F10A2E3CB009716A2 /* Text.png */ = {isa = PBXFileReference; lastKnownFileType = image.png; path = Text.png; sourceTree = "<group>"; };
		22791C57108C570F00059D05 /* HoccerVcard.h */ = {isa = PBXFileReference; fileEncoding = 4; lastKnownFileType = sourcecode.c.h; name = HoccerVcard.h; path = Content/HoccerVcard.h; sourceTree = "<group>"; };
		22791C58108C570F00059D05 /* HoccerVcard.m */ = {isa = PBXFileReference; fileEncoding = 4; lastKnownFileType = sourcecode.c.objc; name = HoccerVcard.m; path = Content/HoccerVcard.m; sourceTree = "<group>"; };
		22798F43105FABAD0035C643 /* DebugViewController.h */ = {isa = PBXFileReference; fileEncoding = 4; lastKnownFileType = sourcecode.c.h; path = DebugViewController.h; sourceTree = "<group>"; };
		22798F44105FABAD0035C643 /* DebugViewController.m */ = {isa = PBXFileReference; fileEncoding = 4; lastKnownFileType = sourcecode.c.objc; path = DebugViewController.m; sourceTree = "<group>"; };
		22798F45105FABAD0035C643 /* DebugViewController.xib */ = {isa = PBXFileReference; lastKnownFileType = file.xib; name = DebugViewController.xib; path = Classes/DebugViewController.xib; sourceTree = "<group>"; };
		22798FE4105FC9D90035C643 /* HoccerContent.h */ = {isa = PBXFileReference; fileEncoding = 4; lastKnownFileType = sourcecode.c.h; name = HoccerContent.h; path = Content/HoccerContent.h; sourceTree = "<group>"; };
		22798FE5105FC9D90035C643 /* HoccerImage.h */ = {isa = PBXFileReference; fileEncoding = 4; lastKnownFileType = sourcecode.c.h; name = HoccerImage.h; path = Content/HoccerImage.h; sourceTree = "<group>"; };
		22798FE6105FC9D90035C643 /* HoccerImage.m */ = {isa = PBXFileReference; fileEncoding = 4; lastKnownFileType = sourcecode.c.objc; name = HoccerImage.m; path = Content/HoccerImage.m; sourceTree = "<group>"; };
		22798FE7105FC9D90035C643 /* HoccerUrl.h */ = {isa = PBXFileReference; fileEncoding = 4; lastKnownFileType = sourcecode.c.h; name = HoccerUrl.h; path = Content/HoccerUrl.h; sourceTree = "<group>"; };
		22798FE8105FC9D90035C643 /* HoccerUrl.m */ = {isa = PBXFileReference; fileEncoding = 4; lastKnownFileType = sourcecode.c.objc; name = HoccerUrl.m; path = Content/HoccerUrl.m; sourceTree = "<group>"; };
		22798FEC105FCA1E0035C643 /* HoccerContentFactory.h */ = {isa = PBXFileReference; fileEncoding = 4; lastKnownFileType = sourcecode.c.h; name = HoccerContentFactory.h; path = Content/HoccerContentFactory.h; sourceTree = "<group>"; };
		22798FED105FCA1E0035C643 /* HoccerContentFactory.m */ = {isa = PBXFileReference; fileEncoding = 4; lastKnownFileType = sourcecode.c.objc; name = HoccerContentFactory.m; path = Content/HoccerContentFactory.m; sourceTree = "<group>"; };
		22799044105FDCEB0035C643 /* HoccerText.h */ = {isa = PBXFileReference; fileEncoding = 4; lastKnownFileType = sourcecode.c.h; name = HoccerText.h; path = Content/HoccerText.h; sourceTree = "<group>"; };
		22799045105FDCEB0035C643 /* HoccerText.m */ = {isa = PBXFileReference; fileEncoding = 4; lastKnownFileType = sourcecode.c.objc; name = HoccerText.m; path = Content/HoccerText.m; sourceTree = "<group>"; };
		227990F3105FE97D0035C643 /* ContentFactoryTests.h */ = {isa = PBXFileReference; fileEncoding = 4; lastKnownFileType = sourcecode.c.h; name = ContentFactoryTests.h; path = Tests/ContentFactoryTests.h; sourceTree = "<group>"; };
		227990F4105FE97D0035C643 /* ContentFactoryTests.m */ = {isa = PBXFileReference; fileEncoding = 4; lastKnownFileType = sourcecode.c.objc; name = ContentFactoryTests.m; path = Tests/ContentFactoryTests.m; sourceTree = "<group>"; };
		227990F8105FEA140035C643 /* ReceivedContentView.h */ = {isa = PBXFileReference; fileEncoding = 4; lastKnownFileType = sourcecode.c.h; path = ReceivedContentView.h; sourceTree = "<group>"; };
		227990F9105FEA140035C643 /* ReceivedContentView.m */ = {isa = PBXFileReference; fileEncoding = 4; lastKnownFileType = sourcecode.c.objc; path = ReceivedContentView.m; sourceTree = "<group>"; };
		227990FA105FEA140035C643 /* ReceivedContentView.xib */ = {isa = PBXFileReference; lastKnownFileType = file.xib; name = ReceivedContentView.xib; path = Classes/ReceivedContentView.xib; sourceTree = "<group>"; };
		227A94D4109713AB008CE547 /* HelpScreen.h */ = {isa = PBXFileReference; fileEncoding = 4; lastKnownFileType = sourcecode.c.h; name = HelpScreen.h; path = Help/HelpScreen.h; sourceTree = "<group>"; };
		227A94D5109713AB008CE547 /* HelpScreen.m */ = {isa = PBXFileReference; fileEncoding = 4; lastKnownFileType = sourcecode.c.objc; name = HelpScreen.m; path = Help/HelpScreen.m; sourceTree = "<group>"; };
		227A94D6109713AB008CE547 /* HelpScreen.xib */ = {isa = PBXFileReference; lastKnownFileType = file.xib; name = HelpScreen.xib; path = Help/HelpScreen.xib; sourceTree = "<group>"; };
		227A94F510971A9C008CE547 /* HelpScrollView.h */ = {isa = PBXFileReference; fileEncoding = 4; lastKnownFileType = sourcecode.c.h; path = HelpScrollView.h; sourceTree = "<group>"; };
		227A94F610971A9C008CE547 /* HelpScrollView.m */ = {isa = PBXFileReference; fileEncoding = 4; lastKnownFileType = sourcecode.c.objc; path = HelpScrollView.m; sourceTree = "<group>"; };
		227A94F710971A9C008CE547 /* HelpScrollView.xib */ = {isa = PBXFileReference; lastKnownFileType = file.xib; path = HelpScrollView.xib; sourceTree = "<group>"; };
		227A960810973CED008CE547 /* MediaPlayer.framework */ = {isa = PBXFileReference; lastKnownFileType = wrapper.framework; name = MediaPlayer.framework; path = System/Library/Frameworks/MediaPlayer.framework; sourceTree = SDKROOT; };
		227A963510974BD3008CE547 /* HelpContent.h */ = {isa = PBXFileReference; fileEncoding = 4; lastKnownFileType = sourcecode.c.h; name = HelpContent.h; path = Help/HelpContent.h; sourceTree = "<group>"; };
		227A963610974BD3008CE547 /* HelpContent.m */ = {isa = PBXFileReference; fileEncoding = 4; lastKnownFileType = sourcecode.c.objc; name = HelpContent.m; path = Help/HelpContent.m; sourceTree = "<group>"; };
		227B5CDC107DE1A80012BBA6 /* VcardParserTests.h */ = {isa = PBXFileReference; fileEncoding = 4; lastKnownFileType = sourcecode.c.h; name = VcardParserTests.h; path = Tests/VcardParserTests.h; sourceTree = "<group>"; };
		227B5CDD107DE1A80012BBA6 /* VcardParserTests.m */ = {isa = PBXFileReference; fileEncoding = 4; lastKnownFileType = sourcecode.c.objc; name = VcardParserTests.m; path = Tests/VcardParserTests.m; sourceTree = "<group>"; };
		227B5CE3107DE3D30012BBA6 /* VcardParser.h */ = {isa = PBXFileReference; fileEncoding = 4; lastKnownFileType = sourcecode.c.h; name = VcardParser.h; path = AddressBook/VcardParser.h; sourceTree = "<group>"; };
		227B5CE4107DE3D30012BBA6 /* VcardParser.m */ = {isa = PBXFileReference; fileEncoding = 4; lastKnownFileType = sourcecode.c.objc; name = VcardParser.m; path = AddressBook/VcardParser.m; sourceTree = "<group>"; };
		227B5E3A107DF4F70012BBA6 /* MockedParserDelegate.h */ = {isa = PBXFileReference; fileEncoding = 4; lastKnownFileType = sourcecode.c.h; name = MockedParserDelegate.h; path = Tests/Vcard/MockedParserDelegate.h; sourceTree = "<group>"; };
		227B5E3B107DF4F70012BBA6 /* MockedParserDelegate.m */ = {isa = PBXFileReference; fileEncoding = 4; lastKnownFileType = sourcecode.c.objc; name = MockedParserDelegate.m; path = Tests/Vcard/MockedParserDelegate.m; sourceTree = "<group>"; };
		2281000F10A9A5A800DFA0BF /* Help_Catch_Icon.png */ = {isa = PBXFileReference; lastKnownFileType = image.png; path = Help_Catch_Icon.png; sourceTree = "<group>"; };
		2281002610A9A8DD00DFA0BF /* Help_Throw_Icon.png */ = {isa = PBXFileReference; lastKnownFileType = image.png; path = Help_Throw_Icon.png; sourceTree = "<group>"; };
		2281008D10A9C1A000DFA0BF /* Help_Highlighted.png */ = {isa = PBXFileReference; lastKnownFileType = image.png; path = Help_Highlighted.png; sourceTree = "<group>"; };
		2281008E10A9C1A000DFA0BF /* Help_Button.png */ = {isa = PBXFileReference; lastKnownFileType = image.png; path = Help_Button.png; sourceTree = "<group>"; };
		2281008F10A9C1A000DFA0BF /* Info_Highlighted.png */ = {isa = PBXFileReference; lastKnownFileType = image.png; path = Info_Highlighted.png; sourceTree = "<group>"; };
		2281009010A9C1A000DFA0BF /* Info_Button.png */ = {isa = PBXFileReference; lastKnownFileType = image.png; path = Info_Button.png; sourceTree = "<group>"; };
		2281FF1010A96D2700DFA0BF /* Throw_Icon.png */ = {isa = PBXFileReference; lastKnownFileType = image.png; name = Throw_Icon.png; path = /Volumes/tmp/Vanessa/Throw_Icon.png; sourceTree = "<absolute>"; };
		2281FF8410A9810F00DFA0BF /* Close.png */ = {isa = PBXFileReference; lastKnownFileType = image.png; path = Close.png; sourceTree = "<group>"; };
		2281FFD810A99F6200DFA0BF /* Header_Training.png */ = {isa = PBXFileReference; lastKnownFileType = image.png; path = Header_Training.png; sourceTree = "<group>"; };
		2281FFE610A9A13200DFA0BF /* Play_Video_Button.png */ = {isa = PBXFileReference; lastKnownFileType = image.png; path = Play_Video_Button.png; sourceTree = "<group>"; };
		2281FFF310A9A38A00DFA0BF /* Back_Button.png */ = {isa = PBXFileReference; lastKnownFileType = image.png; path = Back_Button.png; sourceTree = "<group>"; };
		2281FFF410A9A38A00DFA0BF /* Back_Highlighted.png */ = {isa = PBXFileReference; lastKnownFileType = image.png; path = Back_Highlighted.png; sourceTree = "<group>"; };
		228275BF106A107A00AAC17E /* RegExpTests.h */ = {isa = PBXFileReference; fileEncoding = 4; lastKnownFileType = sourcecode.c.h; name = RegExpTests.h; path = Tests/RegExpTests.h; sourceTree = "<group>"; };
		228275C0106A107A00AAC17E /* RegExpTests.m */ = {isa = PBXFileReference; fileEncoding = 4; lastKnownFileType = sourcecode.c.objc; name = RegExpTests.m; path = Tests/RegExpTests.m; sourceTree = "<group>"; };
		228275E3106A157A00AAC17E /* NSString+Regexp.h */ = {isa = PBXFileReference; fileEncoding = 4; lastKnownFileType = sourcecode.c.h; name = "NSString+Regexp.h"; path = "Helper/NSString+Regexp.h"; sourceTree = "<group>"; };
		228275E4106A157A00AAC17E /* NSString+Regexp.m */ = {isa = PBXFileReference; fileEncoding = 4; lastKnownFileType = sourcecode.c.objc; name = "NSString+Regexp.m"; path = "Helper/NSString+Regexp.m"; sourceTree = "<group>"; };
		228276E4106A374300AAC17E /* CatchDetector.h */ = {isa = PBXFileReference; fileEncoding = 4; lastKnownFileType = sourcecode.c.h; name = CatchDetector.h; path = GesturesInterpreter/CatchDetector.h; sourceTree = "<group>"; };
		228276E5106A374300AAC17E /* CatchDetector.m */ = {isa = PBXFileReference; fileEncoding = 4; lastKnownFileType = sourcecode.c.objc; name = CatchDetector.m; path = GesturesInterpreter/CatchDetector.m; sourceTree = "<group>"; };
		228989651067CB9200FB3E5D /* LineFeature.h */ = {isa = PBXFileReference; fileEncoding = 4; lastKnownFileType = sourcecode.c.h; name = LineFeature.h; path = GesturesInterpreter/LineFeature.h; sourceTree = "<group>"; };
		228989661067CB9200FB3E5D /* LineFeature.m */ = {isa = PBXFileReference; fileEncoding = 4; lastKnownFileType = sourcecode.c.objc; name = LineFeature.m; path = GesturesInterpreter/LineFeature.m; sourceTree = "<group>"; };
		228989691067CC1C00FB3E5D /* LineFeatureTests.h */ = {isa = PBXFileReference; fileEncoding = 4; lastKnownFileType = sourcecode.c.h; name = LineFeatureTests.h; path = Tests/LineFeatureTests.h; sourceTree = "<group>"; };
		2289896A1067CC1C00FB3E5D /* LineFeatureTests.m */ = {isa = PBXFileReference; fileEncoding = 4; lastKnownFileType = sourcecode.c.objc; name = LineFeatureTests.m; path = Tests/LineFeatureTests.m; sourceTree = "<group>"; };
		2289896C1067CC4200FB3E5D /* BaseHoccerRequest.h */ = {isa = PBXFileReference; fileEncoding = 4; lastKnownFileType = sourcecode.c.h; name = BaseHoccerRequest.h; path = Communication/BaseHoccerRequest.h; sourceTree = "<group>"; };
		2289896D1067CC4200FB3E5D /* BaseHoccerRequest.m */ = {isa = PBXFileReference; fileEncoding = 4; lastKnownFileType = sourcecode.c.objc; name = BaseHoccerRequest.m; path = Communication/BaseHoccerRequest.m; sourceTree = "<group>"; };
		2289896E1067CC4200FB3E5D /* HoccerDownloadRequest.h */ = {isa = PBXFileReference; fileEncoding = 4; lastKnownFileType = sourcecode.c.h; name = HoccerDownloadRequest.h; path = Communication/HoccerDownloadRequest.h; sourceTree = "<group>"; };
		2289896F1067CC4200FB3E5D /* HoccerDownloadRequest.m */ = {isa = PBXFileReference; fileEncoding = 4; lastKnownFileType = sourcecode.c.objc; name = HoccerDownloadRequest.m; path = Communication/HoccerDownloadRequest.m; sourceTree = "<group>"; };
		228989701067CC4200FB3E5D /* HoccerUploadRequest.h */ = {isa = PBXFileReference; fileEncoding = 4; lastKnownFileType = sourcecode.c.h; name = HoccerUploadRequest.h; path = Communication/HoccerUploadRequest.h; sourceTree = "<group>"; };
		228989711067CC4200FB3E5D /* HoccerUploadRequest.m */ = {isa = PBXFileReference; fileEncoding = 4; lastKnownFileType = sourcecode.c.objc; name = HoccerUploadRequest.m; path = Communication/HoccerUploadRequest.m; sourceTree = "<group>"; };
		228989721067CC4200FB3E5D /* UploadRequest.h */ = {isa = PBXFileReference; fileEncoding = 4; lastKnownFileType = sourcecode.c.h; name = UploadRequest.h; path = Communication/UploadRequest.h; sourceTree = "<group>"; };
		228989731067CC4200FB3E5D /* UploadRequest.m */ = {isa = PBXFileReference; fileEncoding = 4; lastKnownFileType = sourcecode.c.objc; name = UploadRequest.m; path = Communication/UploadRequest.m; sourceTree = "<group>"; };
		229DAF11107B331F00B47ABE /* AddressBook.framework */ = {isa = PBXFileReference; lastKnownFileType = wrapper.framework; name = AddressBook.framework; path = System/Library/Frameworks/AddressBook.framework; sourceTree = SDKROOT; };
		229DAF12107B331F00B47ABE /* AddressBookUI.framework */ = {isa = PBXFileReference; lastKnownFileType = wrapper.framework; name = AddressBookUI.framework; path = System/Library/Frameworks/AddressBookUI.framework; sourceTree = SDKROOT; };
		229DAF21107B385B00B47ABE /* VcardWriter.h */ = {isa = PBXFileReference; fileEncoding = 4; lastKnownFileType = sourcecode.c.h; name = VcardWriter.h; path = AddressBook/VcardWriter.h; sourceTree = "<group>"; };
		229DAF22107B385B00B47ABE /* VcardWriter.m */ = {isa = PBXFileReference; fileEncoding = 4; lastKnownFileType = sourcecode.c.objc; name = VcardWriter.m; path = AddressBook/VcardWriter.m; sourceTree = "<group>"; };
		229DAF56107B3BF400B47ABE /* VcardWriterTests.h */ = {isa = PBXFileReference; fileEncoding = 4; lastKnownFileType = sourcecode.c.h; name = VcardWriterTests.h; path = Tests/Vcard/VcardWriterTests.h; sourceTree = "<group>"; };
		229DAF57107B3BF400B47ABE /* VcardWriterTests.m */ = {isa = PBXFileReference; fileEncoding = 4; lastKnownFileType = sourcecode.c.objc; name = VcardWriterTests.m; path = Tests/Vcard/VcardWriterTests.m; sourceTree = "<group>"; };
		22A019211099C482007FCC59 /* bump_180.m4v */ = {isa = PBXFileReference; lastKnownFileType = file; path = bump_180.m4v; sourceTree = "<group>"; };
		22A019221099C482007FCC59 /* catch_180.m4v */ = {isa = PBXFileReference; lastKnownFileType = file; path = catch_180.m4v; sourceTree = "<group>"; };
		22A019231099C482007FCC59 /* throw_180.m4v */ = {isa = PBXFileReference; lastKnownFileType = file; path = throw_180.m4v; sourceTree = "<group>"; };
		22BC5D8E107B4C3B00497EF4 /* ABPersonVCardCreator.h */ = {isa = PBXFileReference; fileEncoding = 4; lastKnownFileType = sourcecode.c.h; name = ABPersonVCardCreator.h; path = AddressBook/ABPersonVCardCreator.h; sourceTree = "<group>"; };
		22BC5D8F107B4C3B00497EF4 /* ABPersonVCardCreator.m */ = {isa = PBXFileReference; fileEncoding = 4; lastKnownFileType = sourcecode.c.objc; name = ABPersonVCardCreator.m; path = AddressBook/ABPersonVCardCreator.m; sourceTree = "<group>"; };
		22BC5F00107B9A0200497EF4 /* NSString+StringWithData.h */ = {isa = PBXFileReference; fileEncoding = 4; lastKnownFileType = sourcecode.c.h; path = "NSString+StringWithData.h"; sourceTree = "<group>"; };
		22BC5F01107B9A0200497EF4 /* NSString+StringWithData.m */ = {isa = PBXFileReference; fileEncoding = 4; lastKnownFileType = sourcecode.c.objc; path = "NSString+StringWithData.m"; sourceTree = "<group>"; };
		22C72D091096036B00CB3BD8 /* GTMUIImage+Resize.h */ = {isa = PBXFileReference; fileEncoding = 4; lastKnownFileType = sourcecode.c.h; path = "GTMUIImage+Resize.h"; sourceTree = "<group>"; };
		22C72D0A1096036B00CB3BD8 /* GTMUIImage+Resize.m */ = {isa = PBXFileReference; fileEncoding = 4; lastKnownFileType = sourcecode.c.objc; path = "GTMUIImage+Resize.m"; sourceTree = "<group>"; };
		22CAB70F1084BC59001C184D /* SelectViewController.h */ = {isa = PBXFileReference; fileEncoding = 4; lastKnownFileType = sourcecode.c.h; name = SelectViewController.h; path = ../SelectViewController.h; sourceTree = "<group>"; };
		22CAB7101084BC59001C184D /* SelectViewController.m */ = {isa = PBXFileReference; fileEncoding = 4; lastKnownFileType = sourcecode.c.objc; name = SelectViewController.m; path = ../SelectViewController.m; sourceTree = "<group>"; };
		22CAB7111084BC59001C184D /* SelectViewController.xib */ = {isa = PBXFileReference; lastKnownFileType = file.xib; path = SelectViewController.xib; sourceTree = "<group>"; };
		22D49E2C1068D07C00B03B61 /* FeatureHistory.h */ = {isa = PBXFileReference; fileEncoding = 4; lastKnownFileType = sourcecode.c.h; name = FeatureHistory.h; path = GesturesInterpreter/FeatureHistory.h; sourceTree = "<group>"; };
		22D49E2D1068D07C00B03B61 /* FeatureHistory.m */ = {isa = PBXFileReference; fileEncoding = 4; lastKnownFileType = sourcecode.c.objc; name = FeatureHistory.m; path = GesturesInterpreter/FeatureHistory.m; sourceTree = "<group>"; };
		22D49E301068D09700B03B61 /* FeatureHistoryTests.h */ = {isa = PBXFileReference; fileEncoding = 4; lastKnownFileType = sourcecode.c.h; path = FeatureHistoryTests.h; sourceTree = "<group>"; };
		22D49E311068D09700B03B61 /* FeatureHistoryTests.m */ = {isa = PBXFileReference; fileEncoding = 4; lastKnownFileType = sourcecode.c.objc; path = FeatureHistoryTests.m; sourceTree = "<group>"; };
		22D72F8910A83760000AEA79 /* Contacts.png */ = {isa = PBXFileReference; lastKnownFileType = image.png; path = Contacts.png; sourceTree = "<group>"; };
		22D72F9310A8384C000AEA79 /* Contacts_Highlighted.png */ = {isa = PBXFileReference; lastKnownFileType = image.png; path = Contacts_Highlighted.png; sourceTree = "<group>"; };
		22D72F9410A8384D000AEA79 /* Photo_Highlighted.png */ = {isa = PBXFileReference; lastKnownFileType = image.png; path = Photo_Highlighted.png; sourceTree = "<group>"; };
		22D72F9510A8384D000AEA79 /* Text_Highlighted.png */ = {isa = PBXFileReference; lastKnownFileType = image.png; path = Text_Highlighted.png; sourceTree = "<group>"; };
		22D72FE610A8498B000AEA79 /* Arrow.png */ = {isa = PBXFileReference; lastKnownFileType = image.png; path = Arrow.png; sourceTree = "<group>"; };
		22D7300910A84EF8000AEA79 /* Background.png */ = {isa = PBXFileReference; explicitFileType = image.png; path = Background.png; sourceTree = "<group>"; };
		22D7303D10A85CA0000AEA79 /* Header.png */ = {isa = PBXFileReference; lastKnownFileType = image.png; path = Header.png; sourceTree = "<group>"; };
		22D7304410A85F3D000AEA79 /* Map.png */ = {isa = PBXFileReference; lastKnownFileType = image.png; path = Map.png; sourceTree = "<group>"; };
		22D730B610A879AA000AEA79 /* Photobox.png */ = {isa = PBXFileReference; lastKnownFileType = image.png; path = Photobox.png; sourceTree = "<group>"; };
		22D7313A10A88600000AEA79 /* Catch_Icon.png */ = {isa = PBXFileReference; lastKnownFileType = image.png; path = Catch_Icon.png; sourceTree = "<group>"; };
		22D7314D10A88E34000AEA79 /* Close_Highlighted.png */ = {isa = PBXFileReference; lastKnownFileType = image.png; path = Close_Highlighted.png; sourceTree = "<group>"; };
		22D7317410A89291000AEA79 /* Contactbox.png */ = {isa = PBXFileReference; lastKnownFileType = image.png; path = Contactbox.png; sourceTree = "<group>"; };
		288765A40DF7441C002DB57D /* CoreGraphics.framework */ = {isa = PBXFileReference; lastKnownFileType = wrapper.framework; name = CoreGraphics.framework; path = System/Library/Frameworks/CoreGraphics.framework; sourceTree = SDKROOT; };
		2899E5210DE3E06400AC0155 /* HoccerViewController.xib */ = {isa = PBXFileReference; lastKnownFileType = file.xib; path = HoccerViewController.xib; sourceTree = "<group>"; };
		28AD733E0D9D9553002E5188 /* MainWindow.xib */ = {isa = PBXFileReference; lastKnownFileType = file.xib; path = MainWindow.xib; sourceTree = "<group>"; };
		28B19B2710A2EF320075CD0D /* artcomtech_286px_white.png */ = {isa = PBXFileReference; lastKnownFileType = image.png; path = artcomtech_286px_white.png; sourceTree = "<group>"; };
		28B19B2910A2F01E0075CD0D /* artcomtech_260px_white.png */ = {isa = PBXFileReference; lastKnownFileType = image.png; path = artcomtech_260px_white.png; sourceTree = "<group>"; };
		28D1618F1095EE1200858642 /* myicon.png */ = {isa = PBXFileReference; lastKnownFileType = image.png; path = myicon.png; sourceTree = "<group>"; };
		28D161961095F27B00858642 /* receive.png */ = {isa = PBXFileReference; lastKnownFileType = image.png; path = receive.png; sourceTree = "<group>"; };
		28D7ACF60DDB3853001CB0EB /* HoccerViewController.h */ = {isa = PBXFileReference; fileEncoding = 4; lastKnownFileType = sourcecode.c.h; path = HoccerViewController.h; sourceTree = "<group>"; };
		28D7ACF70DDB3853001CB0EB /* HoccerViewController.m */ = {isa = PBXFileReference; fileEncoding = 4; lastKnownFileType = sourcecode.c.objc; path = HoccerViewController.m; sourceTree = "<group>"; };
		29B97316FDCFA39411CA2CEA /* main.m */ = {isa = PBXFileReference; fileEncoding = 4; lastKnownFileType = sourcecode.c.objc; path = main.m; sourceTree = "<group>"; };
		32CA4F630368D1EE00C91783 /* Hoccer_Prefix.pch */ = {isa = PBXFileReference; fileEncoding = 4; lastKnownFileType = sourcecode.c.h; path = Hoccer_Prefix.pch; sourceTree = "<group>"; };
		8D1107310486CEB800E47090 /* Hoccer-Info.plist */ = {isa = PBXFileReference; fileEncoding = 4; lastKnownFileType = text.plist.xml; path = "Hoccer-Info.plist"; plistStructureDefinitionIdentifier = "com.apple.xcode.plist.structure-definition.iphone.info-plist"; sourceTree = "<group>"; };
		E64B77FE109491AA0005ACA3 /* AboutViewController.h */ = {isa = PBXFileReference; fileEncoding = 4; lastKnownFileType = sourcecode.c.h; path = AboutViewController.h; sourceTree = "<group>"; };
		E64B77FF109491AA0005ACA3 /* AboutViewController.m */ = {isa = PBXFileReference; fileEncoding = 4; lastKnownFileType = sourcecode.c.objc; path = AboutViewController.m; sourceTree = "<group>"; };
		E64B7800109491AA0005ACA3 /* AboutViewController.xib */ = {isa = PBXFileReference; lastKnownFileType = file.xib; name = AboutViewController.xib; path = Classes/AboutViewController.xib; sourceTree = "<group>"; };
/* End PBXFileReference section */

/* Begin PBXFrameworksBuildPhase section */
		1D60588F0D05DD3D006BFB54 /* Frameworks */ = {
			isa = PBXFrameworksBuildPhase;
			buildActionMask = 2147483647;
			files = (
				1D60589F0D05DD5A006BFB54 /* Foundation.framework in Frameworks */,
				1DF5F4E00D08C38300B7A737 /* UIKit.framework in Frameworks */,
				288765A50DF7441C002DB57D /* CoreGraphics.framework in Frameworks */,
				223BC35F10553B2400ABE5A2 /* CoreLocation.framework in Frameworks */,
				22783D891067ABBB00B244F7 /* MapKit.framework in Frameworks */,
				229DAF13107B331F00B47ABE /* AddressBook.framework in Frameworks */,
				229DAF14107B331F00B47ABE /* AddressBookUI.framework in Frameworks */,
				22719FF1108346DF00F84755 /* AudioToolbox.framework in Frameworks */,
				227A960910973CED008CE547 /* MediaPlayer.framework in Frameworks */,
				2271E2E7109F26EE003D5C68 /* QuartzCore.framework in Frameworks */,
			);
			runOnlyForDeploymentPostprocessing = 0;
		};
		22762D00105E412A003BF968 /* Frameworks */ = {
			isa = PBXFrameworksBuildPhase;
			buildActionMask = 2147483647;
			files = (
				22783D8A1067ABBB00B244F7 /* MapKit.framework in Frameworks */,
				22BC5D4C107B46D900497EF4 /* AddressBook.framework in Frameworks */,
				22719FF0108346DF00F84755 /* AudioToolbox.framework in Frameworks */,
			);
			runOnlyForDeploymentPostprocessing = 0;
		};
/* End PBXFrameworksBuildPhase section */

/* Begin PBXGroup section */
		080E96DDFE201D6D7F000001 /* Classes */ = {
			isa = PBXGroup;
			children = (
				2271E19E109EDCD5003D5C68 /* TermOfUse */,
				227A94D310971302008CE547 /* Help */,
				229DAF1C107B377C00B47ABE /* AddressBook */,
				227990C3105FE2F20035C643 /* Debug */,
				22762FB9105E8512003BF968 /* AccelerationRecorder */,
				2205A6E21057C27F005C5036 /* Content */,
				22762FA9105E7E27003BF968 /* GesturesInterpreter */,
				223BC3411055320A00ABE5A2 /* Communication */,
				223BC43C10555AD300ABE5A2 /* Helper */,
				223BC40D1055556200ABE5A2 /* JSON */,
				224F8A88108CB80400F69B53 /* View */,
				1D3623240D0F684500981E51 /* HoccerAppDelegate.h */,
				1D3623250D0F684500981E51 /* HoccerAppDelegate.m */,
				28D7ACF60DDB3853001CB0EB /* HoccerViewController.h */,
				28D7ACF70DDB3853001CB0EB /* HoccerViewController.m */,
				227990F8105FEA140035C643 /* ReceivedContentView.h */,
				227990F9105FEA140035C643 /* ReceivedContentView.m */,
				2271A00A108347C800F84755 /* FeedbackProvider.h */,
				2271A00B108347C800F84755 /* FeedbackProvider.m */,
				22CAB70F1084BC59001C184D /* SelectViewController.h */,
				22CAB7101084BC59001C184D /* SelectViewController.m */,
				E64B77FE109491AA0005ACA3 /* AboutViewController.h */,
				E64B77FF109491AA0005ACA3 /* AboutViewController.m */,
				2271E213109F0260003D5C68 /* DragUpMenuViewController.h */,
				2271E214109F0260003D5C68 /* DragUpMenuViewController.m */,
			);
			path = Classes;
			sourceTree = "<group>";
		};
		19C28FACFE9D520D11CA2CBB /* Products */ = {
			isa = PBXGroup;
			children = (
				1D6058910D05DD3D006BFB54 /* Hoccer.app */,
				22762D03105E412A003BF968 /* Test.octest */,
			);
			name = Products;
			sourceTree = "<group>";
		};
		2205A6E21057C27F005C5036 /* Content */ = {
			isa = PBXGroup;
			children = (
				22798FE4105FC9D90035C643 /* HoccerContent.h */,
				22798FE5105FC9D90035C643 /* HoccerImage.h */,
				22798FE6105FC9D90035C643 /* HoccerImage.m */,
				22798FE7105FC9D90035C643 /* HoccerUrl.h */,
				22798FE8105FC9D90035C643 /* HoccerUrl.m */,
				22798FEC105FCA1E0035C643 /* HoccerContentFactory.h */,
				22798FED105FCA1E0035C643 /* HoccerContentFactory.m */,
				22799044105FDCEB0035C643 /* HoccerText.h */,
				22799045105FDCEB0035C643 /* HoccerText.m */,
				22791C57108C570F00059D05 /* HoccerVcard.h */,
				22791C58108C570F00059D05 /* HoccerVcard.m */,
			);
			name = Content;
			sourceTree = "<group>";
		};
		223BC3411055320A00ABE5A2 /* Communication */ = {
			isa = PBXGroup;
			children = (
				2289896C1067CC4200FB3E5D /* BaseHoccerRequest.h */,
				2289896D1067CC4200FB3E5D /* BaseHoccerRequest.m */,
				2289896E1067CC4200FB3E5D /* HoccerDownloadRequest.h */,
				2289896F1067CC4200FB3E5D /* HoccerDownloadRequest.m */,
				228989701067CC4200FB3E5D /* HoccerUploadRequest.h */,
				228989711067CC4200FB3E5D /* HoccerUploadRequest.m */,
				228989721067CC4200FB3E5D /* UploadRequest.h */,
				228989731067CC4200FB3E5D /* UploadRequest.m */,
				223BC4A51055671C00ABE5A2 /* PeerGroupPollingRequest.h */,
				223BC4A61055671C00ABE5A2 /* PeerGroupPollingRequest.m */,
				223BC3451055358D00ABE5A2 /* PeerGroupRequest.h */,
				223BC3461055358E00ABE5A2 /* PeerGroupRequest.m */,
				2273358B10566826004228B4 /* DownloadRequest.h */,
				2273358C10566826004228B4 /* DownloadRequest.m */,
			);
			name = Communication;
			sourceTree = "<group>";
		};
		223BC40D1055556200ABE5A2 /* JSON */ = {
			isa = PBXGroup;
			children = (
				223BC40E1055556200ABE5A2 /* JSON.h */,
				223BC40F1055556200ABE5A2 /* NSObject+SBJSON.h */,
				223BC4101055556200ABE5A2 /* NSObject+SBJSON.m */,
				223BC4111055556200ABE5A2 /* NSString+SBJSON.h */,
				223BC4121055556200ABE5A2 /* NSString+SBJSON.m */,
				223BC4131055556200ABE5A2 /* SBJSON.h */,
				223BC4141055556200ABE5A2 /* SBJSON.m */,
				223BC4151055556200ABE5A2 /* SBJsonBase.h */,
				223BC4161055556200ABE5A2 /* SBJsonBase.m */,
				223BC4171055556200ABE5A2 /* SBJsonParser.h */,
				223BC4181055556200ABE5A2 /* SBJsonParser.m */,
				223BC4191055556200ABE5A2 /* SBJsonWriter.h */,
				223BC41A1055556200ABE5A2 /* SBJsonWriter.m */,
			);
			path = JSON;
			sourceTree = "<group>";
		};
		223BC43C10555AD300ABE5A2 /* Helper */ = {
			isa = PBXGroup;
			children = (
				22C72D091096036B00CB3BD8 /* GTMUIImage+Resize.h */,
				22C72D0A1096036B00CB3BD8 /* GTMUIImage+Resize.m */,
				223BC43E10555B2700ABE5A2 /* NSObject+DelegateHelper.h */,
				223BC43F10555B2700ABE5A2 /* NSObject+DelegateHelper.m */,
				228275E3106A157A00AAC17E /* NSString+Regexp.h */,
				228275E4106A157A00AAC17E /* NSString+Regexp.m */,
				22BC5F00107B9A0200497EF4 /* NSString+StringWithData.h */,
				22BC5F01107B9A0200497EF4 /* NSString+StringWithData.m */,
			);
			name = Helper;
			sourceTree = "<group>";
		};
		224F8A88108CB80400F69B53 /* View */ = {
			isa = PBXGroup;
			children = (
				224F8A9A108CBB4300F69B53 /* PreviewView.h */,
				224F8A9B108CBB4300F69B53 /* PreviewView.m */,
				2271E32A109F355A003D5C68 /* ACThinProgressView.h */,
				2271E32B109F355A003D5C68 /* ACThinProgressView.m */,
				2278AAD510A2E065009716A2 /* HiddenViewScrollViewDelegate.h */,
				2278AAD610A2E065009716A2 /* HiddenViewScrollViewDelegate.m */,
			);
			name = View;
			sourceTree = "<group>";
		};
		2271E19E109EDCD5003D5C68 /* TermOfUse */ = {
			isa = PBXGroup;
			children = (
				2271E19F109EDCFE003D5C68 /* TermOfUse.h */,
				2271E1A0109EDCFE003D5C68 /* TermOfUse.m */,
				2271E1A1109EDCFE003D5C68 /* TermOfUse.xib */,
			);
			name = TermOfUse;
			sourceTree = "<group>";
		};
		22762D17105E4408003BF968 /* Tests */ = {
			isa = PBXGroup;
			children = (
				229DAF55107B3BD000B47ABE /* vcard */,
				22762D7E105E4F98003BF968 /* AcceletometerTestFramework */,
				22762D76105E4A24003BF968 /* AccelerometerTestFrameworkTests.h */,
				22762D77105E4A24003BF968 /* AccelerometerTestFrameworkTests.m */,
				227990F3105FE97D0035C643 /* ContentFactoryTests.h */,
				227990F4105FE97D0035C643 /* ContentFactoryTests.m */,
				228989691067CC1C00FB3E5D /* LineFeatureTests.h */,
				2289896A1067CC1C00FB3E5D /* LineFeatureTests.m */,
				22D49E301068D09700B03B61 /* FeatureHistoryTests.h */,
				22D49E311068D09700B03B61 /* FeatureHistoryTests.m */,
				228275BF106A107A00AAC17E /* RegExpTests.h */,
				228275C0106A107A00AAC17E /* RegExpTests.m */,
			);
			name = Tests;
			sourceTree = "<group>";
		};
		22762D7E105E4F98003BF968 /* AcceletometerTestFramework */ = {
			isa = PBXGroup;
			children = (
				22762FA6105E7D88003BF968 /* UIAcceleration+TestSetters.h */,
				22762FA7105E7D88003BF968 /* UIAcceleration+TestSetters.m */,
				22762DD8105E541D003BF968 /* MockedAccelerometerDelegate.h */,
				22762DD9105E541D003BF968 /* MockedAccelerometerDelegate.m */,
				22762DDA105E541D003BF968 /* UIAccelerometer+TestPlayback.h */,
				22762DDB105E541D003BF968 /* UIAccelerometer+TestPlayback.m */,
			);
			name = AcceletometerTestFramework;
			sourceTree = "<group>";
		};
		22762DE5105E5688003BF968 /* fixtures */ = {
			isa = PBXGroup;
			children = (
				22762F61105E78AF003BF968 /* 2_values.txt */,
			);
			name = fixtures;
			sourceTree = "<group>";
		};
		22762FA9105E7E27003BF968 /* GesturesInterpreter */ = {
			isa = PBXGroup;
			children = (
				22762FB5105E84B5003BF968 /* GesturesInterpreterDelegate.h */,
				22762FB6105E84B5003BF968 /* GesturesInterpreter.h */,
				22762FB7105E84B5003BF968 /* GesturesInterpreter.m */,
				228989651067CB9200FB3E5D /* LineFeature.h */,
				228989661067CB9200FB3E5D /* LineFeature.m */,
				22D49E2C1068D07C00B03B61 /* FeatureHistory.h */,
				22D49E2D1068D07C00B03B61 /* FeatureHistory.m */,
				228276E4106A374300AAC17E /* CatchDetector.h */,
				228276E5106A374300AAC17E /* CatchDetector.m */,
				226496241070DD56006D33E2 /* ThrowDetector.h */,
				226496251070DD56006D33E2 /* ThrowDetector.m */,
			);
			name = GesturesInterpreter;
			sourceTree = "<group>";
		};
		22762FB9105E8512003BF968 /* AccelerationRecorder */ = {
			isa = PBXGroup;
			children = (
				22762FBA105E8589003BF968 /* AccelerationRecorder.h */,
				22762FBB105E8589003BF968 /* AccelerationRecorder.m */,
			);
			name = AccelerationRecorder;
			sourceTree = "<group>";
		};
		227990C3105FE2F20035C643 /* Debug */ = {
			isa = PBXGroup;
			children = (
				22798F43105FABAD0035C643 /* DebugViewController.h */,
				22798F44105FABAD0035C643 /* DebugViewController.m */,
			);
			name = Debug;
			sourceTree = "<group>";
		};
		227A94D310971302008CE547 /* Help */ = {
			isa = PBXGroup;
			children = (
				227A94D4109713AB008CE547 /* HelpScreen.h */,
				227A94D5109713AB008CE547 /* HelpScreen.m */,
				227A94D6109713AB008CE547 /* HelpScreen.xib */,
				227A94F510971A9C008CE547 /* HelpScrollView.h */,
				227A94F610971A9C008CE547 /* HelpScrollView.m */,
				227A94F710971A9C008CE547 /* HelpScrollView.xib */,
				227A963510974BD3008CE547 /* HelpContent.h */,
				227A963610974BD3008CE547 /* HelpContent.m */,
			);
			name = Help;
			sourceTree = "<group>";
		};
		227A95EF10973B90008CE547 /* Video */ = {
			isa = PBXGroup;
			children = (
				22A019211099C482007FCC59 /* bump_180.m4v */,
				22A019221099C482007FCC59 /* catch_180.m4v */,
				22A019231099C482007FCC59 /* throw_180.m4v */,
			);
			name = Video;
			sourceTree = "<group>";
		};
		227B3A6610A06DFC000326FD /* image */ = {
			isa = PBXGroup;
			children = (
				2281008D10A9C1A000DFA0BF /* Help_Highlighted.png */,
				2281008E10A9C1A000DFA0BF /* Help_Button.png */,
				2281008F10A9C1A000DFA0BF /* Info_Highlighted.png */,
				2281009010A9C1A000DFA0BF /* Info_Button.png */,
				2281002610A9A8DD00DFA0BF /* Help_Throw_Icon.png */,
				2281000F10A9A5A800DFA0BF /* Help_Catch_Icon.png */,
				2281FFF310A9A38A00DFA0BF /* Back_Button.png */,
				2281FFF410A9A38A00DFA0BF /* Back_Highlighted.png */,
				2281FFE610A9A13200DFA0BF /* Play_Video_Button.png */,
				2281FFD810A99F6200DFA0BF /* Header_Training.png */,
				2281FF8410A9810F00DFA0BF /* Close.png */,
				2281FF1010A96D2700DFA0BF /* Throw_Icon.png */,
				22D7317410A89291000AEA79 /* Contactbox.png */,
				22D7314D10A88E34000AEA79 /* Close_Highlighted.png */,
				22D7313A10A88600000AEA79 /* Catch_Icon.png */,
				22D730B610A879AA000AEA79 /* Photobox.png */,
				22D7304410A85F3D000AEA79 /* Map.png */,
				22D7303D10A85CA0000AEA79 /* Header.png */,
				22D7300910A84EF8000AEA79 /* Background.png */,
				22D72FE610A8498B000AEA79 /* Arrow.png */,
				22D72F9310A8384C000AEA79 /* Contacts_Highlighted.png */,
				22D72F9410A8384D000AEA79 /* Photo_Highlighted.png */,
				22D72F9510A8384D000AEA79 /* Text_Highlighted.png */,
				22D72F8910A83760000AEA79 /* Contacts.png */,
				2278AB0E10A2E3CB009716A2 /* Photo.png */,
				2278AB0F10A2E3CB009716A2 /* Text.png */,
				28D161961095F27B00858642 /* receive.png */,
				28D1618F1095EE1200858642 /* myicon.png */,
				28B19B2710A2EF320075CD0D /* artcomtech_286px_white.png */,
				28B19B2910A2F01E0075CD0D /* artcomtech_260px_white.png */,
			);
			name = image;
			sourceTree = "<group>";
		};
		229DAF1C107B377C00B47ABE /* AddressBook */ = {
			isa = PBXGroup;
			children = (
				229DAF21107B385B00B47ABE /* VcardWriter.h */,
				229DAF22107B385B00B47ABE /* VcardWriter.m */,
				22BC5D8E107B4C3B00497EF4 /* ABPersonVCardCreator.h */,
				22BC5D8F107B4C3B00497EF4 /* ABPersonVCardCreator.m */,
				227B5CE3107DE3D30012BBA6 /* VcardParser.h */,
				227B5CE4107DE3D30012BBA6 /* VcardParser.m */,
				22719D7B1083149D00F84755 /* VcardParserDelegate.h */,
				22719E8D1083207700F84755 /* ABPersonCreator.h */,
				22719E8E1083207700F84755 /* ABPersonCreator.m */,
				227687C0109047E4000528E8 /* ACPerson.h */,
				227687C1109047E4000528E8 /* ACPerson.m */,
			);
			name = AddressBook;
			sourceTree = "<group>";
		};
		229DAF55107B3BD000B47ABE /* vcard */ = {
			isa = PBXGroup;
			children = (
				229DAF56107B3BF400B47ABE /* VcardWriterTests.h */,
				229DAF57107B3BF400B47ABE /* VcardWriterTests.m */,
				227B5CDC107DE1A80012BBA6 /* VcardParserTests.h */,
				227B5CDD107DE1A80012BBA6 /* VcardParserTests.m */,
				227B5E3A107DF4F70012BBA6 /* MockedParserDelegate.h */,
				227B5E3B107DF4F70012BBA6 /* MockedParserDelegate.m */,
				22719E99108321C600F84755 /* ABPersonCreatorTest.h */,
				22719E9A108321C600F84755 /* ABPersonCreatorTest.m */,
			);
			name = vcard;
			sourceTree = "<group>";
		};
		29B97314FDCFA39411CA2CEA /* CustomTemplate */ = {
			isa = PBXGroup;
			children = (
				080E96DDFE201D6D7F000001 /* Classes */,
				22762D17105E4408003BF968 /* Tests */,
				29B97317FDCFA39411CA2CEA /* Resources */,
				29B97315FDCFA39411CA2CEA /* Other Sources */,
				29B97323FDCFA39411CA2CEA /* Frameworks */,
				19C28FACFE9D520D11CA2CBB /* Products */,
				22762D04105E412A003BF968 /* Test-Info.plist */,
				227630E1105E99E5003BF968 /* HoccerTests-Info.plist */,
			);
			name = CustomTemplate;
			sourceTree = "<group>";
		};
		29B97315FDCFA39411CA2CEA /* Other Sources */ = {
			isa = PBXGroup;
			children = (
				32CA4F630368D1EE00C91783 /* Hoccer_Prefix.pch */,
				29B97316FDCFA39411CA2CEA /* main.m */,
			);
			name = "Other Sources";
			sourceTree = "<group>";
		};
		29B97317FDCFA39411CA2CEA /* Resources */ = {
			isa = PBXGroup;
			children = (
				227B3A6610A06DFC000326FD /* image */,
				227A95EF10973B90008CE547 /* Video */,
				22762DE5105E5688003BF968 /* fixtures */,
				2271A01810835B8900F84755 /* catch_sound.wav */,
				2271A01910835B8900F84755 /* throw_sound.wav */,
				2271A04A1083665E00F84755 /* tap_sound.wav */,
				227333ED1056426D004228B4 /* icon.png */,
				22798F45105FABAD0035C643 /* DebugViewController.xib */,
				2899E5210DE3E06400AC0155 /* HoccerViewController.xib */,
				227990FA105FEA140035C643 /* ReceivedContentView.xib */,
				E64B7800109491AA0005ACA3 /* AboutViewController.xib */,
				28AD733E0D9D9553002E5188 /* MainWindow.xib */,
				2271E215109F0260003D5C68 /* DragUpMenuViewController.xib */,
				22CAB7111084BC59001C184D /* SelectViewController.xib */,
				8D1107310486CEB800E47090 /* Hoccer-Info.plist */,
			);
			name = Resources;
			sourceTree = "<group>";
		};
		29B97323FDCFA39411CA2CEA /* Frameworks */ = {
			isa = PBXGroup;
			children = (
				2271E2E6109F26EE003D5C68 /* QuartzCore.framework */,
				227A960810973CED008CE547 /* MediaPlayer.framework */,
				22719FEF108346DF00F84755 /* AudioToolbox.framework */,
				229DAF11107B331F00B47ABE /* AddressBook.framework */,
				229DAF12107B331F00B47ABE /* AddressBookUI.framework */,
				22783D881067ABBB00B244F7 /* MapKit.framework */,
				223BC35E10553B2400ABE5A2 /* CoreLocation.framework */,
				1DF5F4DF0D08C38300B7A737 /* UIKit.framework */,
				1D30AB110D05D00D00671497 /* Foundation.framework */,
				288765A40DF7441C002DB57D /* CoreGraphics.framework */,
			);
			name = Frameworks;
			sourceTree = "<group>";
		};
/* End PBXGroup section */

/* Begin PBXNativeTarget section */
		1D6058900D05DD3D006BFB54 /* Hoccer */ = {
			isa = PBXNativeTarget;
			buildConfigurationList = 1D6058960D05DD3E006BFB54 /* Build configuration list for PBXNativeTarget "Hoccer" */;
			buildPhases = (
				1D60588D0D05DD3D006BFB54 /* Resources */,
				1D60588E0D05DD3D006BFB54 /* Sources */,
				1D60588F0D05DD3D006BFB54 /* Frameworks */,
			);
			buildRules = (
			);
			dependencies = (
			);
			name = Hoccer;
			productName = Hoccer;
			productReference = 1D6058910D05DD3D006BFB54 /* Hoccer.app */;
			productType = "com.apple.product-type.application";
		};
		22762D02105E412A003BF968 /* Test */ = {
			isa = PBXNativeTarget;
			buildConfigurationList = 22762D07105E412B003BF968 /* Build configuration list for PBXNativeTarget "Test" */;
			buildPhases = (
				22762CFE105E412A003BF968 /* Resources */,
				22762CFF105E412A003BF968 /* Sources */,
				22762D00105E412A003BF968 /* Frameworks */,
				22762D01105E412A003BF968 /* ShellScript */,
			);
			buildRules = (
			);
			dependencies = (
				22798E00105F7DBD0035C643 /* PBXTargetDependency */,
			);
			name = Test;
			productName = Test;
			productReference = 22762D03105E412A003BF968 /* Test.octest */;
			productType = "com.apple.product-type.bundle";
		};
/* End PBXNativeTarget section */

/* Begin PBXProject section */
		29B97313FDCFA39411CA2CEA /* Project object */ = {
			isa = PBXProject;
			buildConfigurationList = C01FCF4E08A954540054247B /* Build configuration list for PBXProject "Hoccer" */;
			compatibilityVersion = "Xcode 3.1";
			hasScannedForEncodings = 1;
			mainGroup = 29B97314FDCFA39411CA2CEA /* CustomTemplate */;
			projectDirPath = "";
			projectRoot = "";
			targets = (
				1D6058900D05DD3D006BFB54 /* Hoccer */,
				22762D02105E412A003BF968 /* Test */,
			);
		};
/* End PBXProject section */

/* Begin PBXResourcesBuildPhase section */
		1D60588D0D05DD3D006BFB54 /* Resources */ = {
			isa = PBXResourcesBuildPhase;
			buildActionMask = 2147483647;
			files = (
				28AD733F0D9D9553002E5188 /* MainWindow.xib in Resources */,
				2899E5220DE3E06400AC0155 /* HoccerViewController.xib in Resources */,
				227333EE1056426D004228B4 /* icon.png in Resources */,
				22798F47105FABAD0035C643 /* DebugViewController.xib in Resources */,
				227990FC105FEA140035C643 /* ReceivedContentView.xib in Resources */,
				2271A01A10835B8900F84755 /* catch_sound.wav in Resources */,
				2271A01B10835B8900F84755 /* throw_sound.wav in Resources */,
				2271A04B1083665E00F84755 /* tap_sound.wav in Resources */,
				22CAB7131084BC59001C184D /* SelectViewController.xib in Resources */,
				E64B7802109491AA0005ACA3 /* AboutViewController.xib in Resources */,
				28D161901095EE1200858642 /* myicon.png in Resources */,
				28D161971095F27B00858642 /* receive.png in Resources */,
				227A94D8109713AB008CE547 /* HelpScreen.xib in Resources */,
				227A94F910971A9C008CE547 /* HelpScrollView.xib in Resources */,
				22A019241099C482007FCC59 /* bump_180.m4v in Resources */,
				22A019251099C482007FCC59 /* catch_180.m4v in Resources */,
				22A019261099C482007FCC59 /* throw_180.m4v in Resources */,
				2271E1A3109EDCFE003D5C68 /* TermOfUse.xib in Resources */,
				2271E217109F0260003D5C68 /* DragUpMenuViewController.xib in Resources */,
				2278AB1110A2E3CB009716A2 /* Photo.png in Resources */,
				2278AB1210A2E3CB009716A2 /* Text.png in Resources */,
				28B19B2810A2EF320075CD0D /* artcomtech_286px_white.png in Resources */,
				28B19B2A10A2F01E0075CD0D /* artcomtech_260px_white.png in Resources */,
				22D72F8A10A83760000AEA79 /* Contacts.png in Resources */,
				22D72F9610A8384D000AEA79 /* Contacts_Highlighted.png in Resources */,
				22D72F9710A8384D000AEA79 /* Photo_Highlighted.png in Resources */,
				22D72F9810A8384D000AEA79 /* Text_Highlighted.png in Resources */,
				22D72FE710A8498B000AEA79 /* Arrow.png in Resources */,
				22D7300A10A84EF8000AEA79 /* Background.png in Resources */,
				22D7303E10A85CA0000AEA79 /* Header.png in Resources */,
				22D7304510A85F3D000AEA79 /* Map.png in Resources */,
				22D730B710A879AA000AEA79 /* Photobox.png in Resources */,
				22D7313B10A88600000AEA79 /* Catch_Icon.png in Resources */,
				22D7314E10A88E34000AEA79 /* Close_Highlighted.png in Resources */,
				22D7317510A89291000AEA79 /* Contactbox.png in Resources */,
				2281FF1110A96D2700DFA0BF /* Throw_Icon.png in Resources */,
				2281FF8510A9810F00DFA0BF /* Close.png in Resources */,
				2281FFD910A99F6200DFA0BF /* Header_Training.png in Resources */,
				2281FFE710A9A13200DFA0BF /* Play_Video_Button.png in Resources */,
				2281FFF510A9A38A00DFA0BF /* Back_Button.png in Resources */,
				2281FFF610A9A38A00DFA0BF /* Back_Highlighted.png in Resources */,
				2281001010A9A5A800DFA0BF /* Help_Catch_Icon.png in Resources */,
				2281002710A9A8DD00DFA0BF /* Help_Throw_Icon.png in Resources */,
				2281009110A9C1A000DFA0BF /* Help_Highlighted.png in Resources */,
				2281009210A9C1A000DFA0BF /* Help_Button.png in Resources */,
				2281009310A9C1A000DFA0BF /* Info_Highlighted.png in Resources */,
				2281009410A9C1A000DFA0BF /* Info_Button.png in Resources */,
			);
			runOnlyForDeploymentPostprocessing = 0;
		};
		22762CFE105E412A003BF968 /* Resources */ = {
			isa = PBXResourcesBuildPhase;
			buildActionMask = 2147483647;
			files = (
				22762F62105E78AF003BF968 /* 2_values.txt in Resources */,
			);
			runOnlyForDeploymentPostprocessing = 0;
		};
/* End PBXResourcesBuildPhase section */

/* Begin PBXShellScriptBuildPhase section */
		22762D01105E412A003BF968 /* ShellScript */ = {
			isa = PBXShellScriptBuildPhase;
			buildActionMask = 2147483647;
			files = (
			);
			inputPaths = (
			);
			outputPaths = (
			);
			runOnlyForDeploymentPostprocessing = 0;
			shellPath = /bin/sh;
			shellScript = "# Run the unit tests in this test bundle.\n\"${SYSTEM_DEVELOPER_DIR}/Tools/RunUnitTests\"\n";
		};
/* End PBXShellScriptBuildPhase section */

/* Begin PBXSourcesBuildPhase section */
		1D60588E0D05DD3D006BFB54 /* Sources */ = {
			isa = PBXSourcesBuildPhase;
			buildActionMask = 2147483647;
			files = (
				1D60589B0D05DD56006BFB54 /* main.m in Sources */,
				1D3623260D0F684500981E51 /* HoccerAppDelegate.m in Sources */,
				28D7ACF80DDB3853001CB0EB /* HoccerViewController.m in Sources */,
				223BC3471055358E00ABE5A2 /* PeerGroupRequest.m in Sources */,
				223BC41B1055556200ABE5A2 /* NSObject+SBJSON.m in Sources */,
				223BC41C1055556200ABE5A2 /* NSString+SBJSON.m in Sources */,
				223BC41D1055556200ABE5A2 /* SBJSON.m in Sources */,
				223BC41E1055556200ABE5A2 /* SBJsonBase.m in Sources */,
				223BC41F1055556200ABE5A2 /* SBJsonParser.m in Sources */,
				223BC4201055556200ABE5A2 /* SBJsonWriter.m in Sources */,
				223BC44010555B2700ABE5A2 /* NSObject+DelegateHelper.m in Sources */,
				223BC4A71055671C00ABE5A2 /* PeerGroupPollingRequest.m in Sources */,
				2273358D10566826004228B4 /* DownloadRequest.m in Sources */,
				22762FB8105E84B5003BF968 /* GesturesInterpreter.m in Sources */,
				22762FBC105E8589003BF968 /* AccelerationRecorder.m in Sources */,
				22798F46105FABAD0035C643 /* DebugViewController.m in Sources */,
				22798FE9105FC9D90035C643 /* HoccerImage.m in Sources */,
				22798FEA105FC9D90035C643 /* HoccerUrl.m in Sources */,
				22798FEE105FCA1E0035C643 /* HoccerContentFactory.m in Sources */,
				22799047105FDCEB0035C643 /* HoccerText.m in Sources */,
				227990FB105FEA140035C643 /* ReceivedContentView.m in Sources */,
				228989671067CB9200FB3E5D /* LineFeature.m in Sources */,
				228989741067CC4200FB3E5D /* BaseHoccerRequest.m in Sources */,
				228989751067CC4200FB3E5D /* HoccerDownloadRequest.m in Sources */,
				228989761067CC4200FB3E5D /* HoccerUploadRequest.m in Sources */,
				228989771067CC4200FB3E5D /* UploadRequest.m in Sources */,
				22D49E2E1068D07C00B03B61 /* FeatureHistory.m in Sources */,
				228275E6106A157A00AAC17E /* NSString+Regexp.m in Sources */,
				228276E7106A374300AAC17E /* CatchDetector.m in Sources */,
				226496261070DD56006D33E2 /* ThrowDetector.m in Sources */,
				229DAF24107B385B00B47ABE /* VcardWriter.m in Sources */,
				22BC5D90107B4C3B00497EF4 /* ABPersonVCardCreator.m in Sources */,
				22BC5F02107B9A0200497EF4 /* NSString+StringWithData.m in Sources */,
				227B5E17107DEE3F0012BBA6 /* VcardParser.m in Sources */,
				22719E901083207700F84755 /* ABPersonCreator.m in Sources */,
				2271A00D108347C800F84755 /* FeedbackProvider.m in Sources */,
				22CAB7121084BC59001C184D /* SelectViewController.m in Sources */,
				22791C59108C570F00059D05 /* HoccerVcard.m in Sources */,
				224F8A9C108CBB4300F69B53 /* PreviewView.m in Sources */,
				227687C2109047E4000528E8 /* ACPerson.m in Sources */,
				E64B7801109491AA0005ACA3 /* AboutViewController.m in Sources */,
				22C72D0B1096036B00CB3BD8 /* GTMUIImage+Resize.m in Sources */,
				227A94D7109713AB008CE547 /* HelpScreen.m in Sources */,
				227A94F810971A9C008CE547 /* HelpScrollView.m in Sources */,
				227A963710974BD3008CE547 /* HelpContent.m in Sources */,
				2271E1A2109EDCFE003D5C68 /* TermOfUse.m in Sources */,
				2271E216109F0260003D5C68 /* DragUpMenuViewController.m in Sources */,
				2271E32C109F355A003D5C68 /* ACThinProgressView.m in Sources */,
				2278AAD710A2E065009716A2 /* HiddenViewScrollViewDelegate.m in Sources */,
			);
			runOnlyForDeploymentPostprocessing = 0;
		};
		22762CFF105E412A003BF968 /* Sources */ = {
			isa = PBXSourcesBuildPhase;
			buildActionMask = 2147483647;
			files = (
				22762D78105E4A24003BF968 /* AccelerometerTestFrameworkTests.m in Sources */,
				22762DDC105E541D003BF968 /* MockedAccelerometerDelegate.m in Sources */,
				22762DDD105E541D003BF968 /* UIAccelerometer+TestPlayback.m in Sources */,
				22762FA8105E7D88003BF968 /* UIAcceleration+TestSetters.m in Sources */,
				22798E2E105F7F4C0035C643 /* AccelerationRecorder.m in Sources */,
				22799025105FD87D0035C643 /* HoccerImage.m in Sources */,
				22799026105FD8810035C643 /* HoccerUrl.m in Sources */,
				22799027105FD8870035C643 /* HoccerContentFactory.m in Sources */,
				22799046105FDCEB0035C643 /* HoccerText.m in Sources */,
				227990F5105FE97D0035C643 /* ContentFactoryTests.m in Sources */,
				228989681067CB9200FB3E5D /* LineFeature.m in Sources */,
				2289896B1067CC1C00FB3E5D /* LineFeatureTests.m in Sources */,
				22D49E2F1068D07C00B03B61 /* FeatureHistory.m in Sources */,
				22D49E321068D09700B03B61 /* FeatureHistoryTests.m in Sources */,
				228275C1106A107A00AAC17E /* RegExpTests.m in Sources */,
				228275E5106A157A00AAC17E /* NSString+Regexp.m in Sources */,
				228276E6106A374300AAC17E /* CatchDetector.m in Sources */,
				226496271070DD56006D33E2 /* ThrowDetector.m in Sources */,
				229DAF23107B385B00B47ABE /* VcardWriter.m in Sources */,
				22BC5D91107B4C3B00497EF4 /* ABPersonVCardCreator.m in Sources */,
				22BC5F03107B9A0200497EF4 /* NSString+StringWithData.m in Sources */,
				227B5DE6107DEB830012BBA6 /* VcardWriterTests.m in Sources */,
				227B5E16107DEE3A0012BBA6 /* VcardParserTests.m in Sources */,
				227B5E18107DEE3F0012BBA6 /* VcardParser.m in Sources */,
				227B5E3C107DF4F70012BBA6 /* MockedParserDelegate.m in Sources */,
				22719E8F1083207700F84755 /* ABPersonCreator.m in Sources */,
				22719E9B108321C600F84755 /* ABPersonCreatorTest.m in Sources */,
				2271A00C108347C800F84755 /* FeedbackProvider.m in Sources */,
			);
			runOnlyForDeploymentPostprocessing = 0;
		};
/* End PBXSourcesBuildPhase section */

/* Begin PBXTargetDependency section */
		22798E00105F7DBD0035C643 /* PBXTargetDependency */ = {
			isa = PBXTargetDependency;
			target = 1D6058900D05DD3D006BFB54 /* Hoccer */;
			targetProxy = 22798DFF105F7DBD0035C643 /* PBXContainerItemProxy */;
		};
/* End PBXTargetDependency section */

/* Begin XCBuildConfiguration section */
		1D6058940D05DD3E006BFB54 /* Debug */ = {
			isa = XCBuildConfiguration;
			buildSettings = {
				ALWAYS_SEARCH_USER_PATHS = NO;
				COPY_PHASE_STRIP = NO;
				GCC_DYNAMIC_NO_PIC = NO;
				GCC_OPTIMIZATION_LEVEL = 0;
				GCC_PRECOMPILE_PREFIX_HEADER = YES;
				GCC_PREFIX_HEADER = Hoccer_Prefix.pch;
				INFOPLIST_FILE = "Hoccer-Info.plist";
				PRODUCT_NAME = Hoccer;
			};
			name = Debug;
		};
		1D6058950D05DD3E006BFB54 /* Release */ = {
			isa = XCBuildConfiguration;
			buildSettings = {
				ALWAYS_SEARCH_USER_PATHS = NO;
				COPY_PHASE_STRIP = YES;
				GCC_PRECOMPILE_PREFIX_HEADER = YES;
				GCC_PREFIX_HEADER = Hoccer_Prefix.pch;
				INFOPLIST_FILE = "Hoccer-Info.plist";
				PRODUCT_NAME = Hoccer;
			};
			name = Release;
		};
		22762D05105E412B003BF968 /* Debug */ = {
			isa = XCBuildConfiguration;
			buildSettings = {
				ALWAYS_SEARCH_USER_PATHS = NO;
				BUNDLE_LOADER = "";
				COPY_PHASE_STRIP = NO;
				FRAMEWORK_SEARCH_PATHS = (
					"$(DEVELOPER_LIBRARY_DIR)/Frameworks",
					"\"$(SRCROOT)\"",
					"\"$(SRCROOT)/Resources\"",
				);
				GCC_DYNAMIC_NO_PIC = NO;
				GCC_ENABLE_FIX_AND_CONTINUE = NO;
				GCC_ENABLE_OBJC_EXCEPTIONS = YES;
				GCC_OPTIMIZATION_LEVEL = 0;
				INFOPLIST_FILE = "Test-Info.plist";
				OTHER_LDFLAGS = (
					"-framework",
					SenTestingKit,
					"-framework",
					Foundation,
					"-framework",
					UIKit,
				);
				PREBINDING = NO;
				PRODUCT_NAME = Test;
				TEST_HOST = "";
				WRAPPER_EXTENSION = octest;
			};
			name = Debug;
		};
		22762D06105E412B003BF968 /* Release */ = {
			isa = XCBuildConfiguration;
			buildSettings = {
				ALWAYS_SEARCH_USER_PATHS = NO;
				BUNDLE_LOADER = "";
				COPY_PHASE_STRIP = YES;
				DEBUG_INFORMATION_FORMAT = "dwarf-with-dsym";
				FRAMEWORK_SEARCH_PATHS = (
					"$(DEVELOPER_LIBRARY_DIR)/Frameworks",
					"\"$(SRCROOT)\"",
					"\"$(SRCROOT)/Resources\"",
				);
				GCC_ENABLE_FIX_AND_CONTINUE = NO;
				GCC_ENABLE_OBJC_EXCEPTIONS = YES;
				INFOPLIST_FILE = "Test-Info.plist";
				OTHER_LDFLAGS = (
					"-framework",
					SenTestingKit,
					"-framework",
					Foundation,
					"-framework",
					UIKit,
				);
				PREBINDING = NO;
				PRODUCT_NAME = Test;
				TEST_HOST = "";
				WRAPPER_EXTENSION = octest;
				ZERO_LINK = NO;
			};
			name = Release;
		};
		C01FCF4F08A954540054247B /* Debug */ = {
			isa = XCBuildConfiguration;
			buildSettings = {
				ADDITIONAL_SDKS = "";
				ARCHS = "$(ARCHS_STANDARD_32_BIT)";
				"CODE_SIGN_IDENTITY[sdk=iphoneos*]" = "iPhone Developer";
				GCC_C_LANGUAGE_STANDARD = c99;
				GCC_WARN_ABOUT_RETURN_TYPE = YES;
				GCC_WARN_UNUSED_VARIABLE = YES;
				OTHER_LDFLAGS = "";
				PREBINDING = NO;
				"PROVISIONING_PROFILE[sdk=iphoneos*]" = "";
				SDKROOT = iphoneos3.0;
			};
			name = Debug;
		};
		C01FCF5008A954540054247B /* Release */ = {
			isa = XCBuildConfiguration;
			buildSettings = {
				ADDITIONAL_SDKS = "";
				ARCHS = "$(ARCHS_STANDARD_32_BIT)";
				"CODE_SIGN_IDENTITY[sdk=iphoneos*]" = "iPhone Developer";
				GCC_C_LANGUAGE_STANDARD = c99;
				GCC_WARN_ABOUT_RETURN_TYPE = YES;
				GCC_WARN_UNUSED_VARIABLE = YES;
				OTHER_LDFLAGS = "";
				PREBINDING = NO;
				"PROVISIONING_PROFILE[sdk=iphoneos*]" = "";
				SDKROOT = iphoneos3.0;
			};
			name = Release;
		};
/* End XCBuildConfiguration section */

/* Begin XCConfigurationList section */
		1D6058960D05DD3E006BFB54 /* Build configuration list for PBXNativeTarget "Hoccer" */ = {
			isa = XCConfigurationList;
			buildConfigurations = (
				1D6058940D05DD3E006BFB54 /* Debug */,
				1D6058950D05DD3E006BFB54 /* Release */,
			);
			defaultConfigurationIsVisible = 0;
			defaultConfigurationName = Release;
		};
		22762D07105E412B003BF968 /* Build configuration list for PBXNativeTarget "Test" */ = {
			isa = XCConfigurationList;
			buildConfigurations = (
				22762D05105E412B003BF968 /* Debug */,
				22762D06105E412B003BF968 /* Release */,
			);
			defaultConfigurationIsVisible = 0;
			defaultConfigurationName = Release;
		};
		C01FCF4E08A954540054247B /* Build configuration list for PBXProject "Hoccer" */ = {
			isa = XCConfigurationList;
			buildConfigurations = (
				C01FCF4F08A954540054247B /* Debug */,
				C01FCF5008A954540054247B /* Release */,
			);
			defaultConfigurationIsVisible = 0;
			defaultConfigurationName = Release;
		};
/* End XCConfigurationList section */
	};
	rootObject = 29B97313FDCFA39411CA2CEA /* Project object */;
}
