// !$*UTF8*$!
{
	archiveVersion = 1;
	classes = {
	};
	objectVersion = 45;
	objects = {

/* Begin PBXBuildFile section */
		1D3623260D0F684500981E51 /* HoccerAppDelegate.m in Sources */ = {isa = PBXBuildFile; fileRef = 1D3623250D0F684500981E51 /* HoccerAppDelegate.m */; };
		1D60589B0D05DD56006BFB54 /* main.m in Sources */ = {isa = PBXBuildFile; fileRef = 29B97316FDCFA39411CA2CEA /* main.m */; };
		1D60589F0D05DD5A006BFB54 /* Foundation.framework in Frameworks */ = {isa = PBXBuildFile; fileRef = 1D30AB110D05D00D00671497 /* Foundation.framework */; };
		1DF5F4E00D08C38300B7A737 /* UIKit.framework in Frameworks */ = {isa = PBXBuildFile; fileRef = 1DF5F4DF0D08C38300B7A737 /* UIKit.framework */; };
		223BC3471055358E00ABE5A2 /* PeerGroupRequest.m in Sources */ = {isa = PBXBuildFile; fileRef = 223BC3461055358E00ABE5A2 /* PeerGroupRequest.m */; };
		223BC35F10553B2400ABE5A2 /* CoreLocation.framework in Frameworks */ = {isa = PBXBuildFile; fileRef = 223BC35E10553B2400ABE5A2 /* CoreLocation.framework */; };
		223BC41B1055556200ABE5A2 /* NSObject+SBJSON.m in Sources */ = {isa = PBXBuildFile; fileRef = 223BC4101055556200ABE5A2 /* NSObject+SBJSON.m */; };
		223BC41C1055556200ABE5A2 /* NSString+SBJSON.m in Sources */ = {isa = PBXBuildFile; fileRef = 223BC4121055556200ABE5A2 /* NSString+SBJSON.m */; };
		223BC41D1055556200ABE5A2 /* SBJSON.m in Sources */ = {isa = PBXBuildFile; fileRef = 223BC4141055556200ABE5A2 /* SBJSON.m */; };
		223BC41E1055556200ABE5A2 /* SBJsonBase.m in Sources */ = {isa = PBXBuildFile; fileRef = 223BC4161055556200ABE5A2 /* SBJsonBase.m */; };
		223BC41F1055556200ABE5A2 /* SBJsonParser.m in Sources */ = {isa = PBXBuildFile; fileRef = 223BC4181055556200ABE5A2 /* SBJsonParser.m */; };
		223BC4201055556200ABE5A2 /* SBJsonWriter.m in Sources */ = {isa = PBXBuildFile; fileRef = 223BC41A1055556200ABE5A2 /* SBJsonWriter.m */; };
		223BC44010555B2700ABE5A2 /* NSObject+DelegateHelper.m in Sources */ = {isa = PBXBuildFile; fileRef = 223BC43F10555B2700ABE5A2 /* NSObject+DelegateHelper.m */; };
		223BC4A71055671C00ABE5A2 /* PeerGroupPollingRequest.m in Sources */ = {isa = PBXBuildFile; fileRef = 223BC4A61055671C00ABE5A2 /* PeerGroupPollingRequest.m */; };
		227333EE1056426D004228B4 /* icon.png in Resources */ = {isa = PBXBuildFile; fileRef = 227333ED1056426D004228B4 /* icon.png */; };
		227334A51056603B004228B4 /* BaseHoccerRequest.m in Sources */ = {isa = PBXBuildFile; fileRef = 227334A41056603B004228B4 /* BaseHoccerRequest.m */; };
		2273358D10566826004228B4 /* DownloadRequest.m in Sources */ = {isa = PBXBuildFile; fileRef = 2273358C10566826004228B4 /* DownloadRequest.m */; };
		22762D78105E4A24003BF968 /* AccelerometerTestFrameworkTests.m in Sources */ = {isa = PBXBuildFile; fileRef = 22762D77105E4A24003BF968 /* AccelerometerTestFrameworkTests.m */; };
		22762DDC105E541D003BF968 /* MockedAccelerometerDelegate.m in Sources */ = {isa = PBXBuildFile; fileRef = 22762DD9105E541D003BF968 /* MockedAccelerometerDelegate.m */; };
		22762DDD105E541D003BF968 /* UIAccelerometer+TestPlayback.m in Sources */ = {isa = PBXBuildFile; fileRef = 22762DDB105E541D003BF968 /* UIAccelerometer+TestPlayback.m */; };
		22762F62105E78AF003BF968 /* 2_values.txt in Resources */ = {isa = PBXBuildFile; fileRef = 22762F61105E78AF003BF968 /* 2_values.txt */; };
		22762FA8105E7D88003BF968 /* UIAcceleration+TestSetters.m in Sources */ = {isa = PBXBuildFile; fileRef = 22762FA7105E7D88003BF968 /* UIAcceleration+TestSetters.m */; };
		22762FB8105E84B5003BF968 /* GesturesInterpreter.m in Sources */ = {isa = PBXBuildFile; fileRef = 22762FB7105E84B5003BF968 /* GesturesInterpreter.m */; };
		22762FBC105E8589003BF968 /* AccelerationRecorder.m in Sources */ = {isa = PBXBuildFile; fileRef = 22762FBB105E8589003BF968 /* AccelerationRecorder.m */; };
		22798E2E105F7F4C0035C643 /* AccelerationRecorder.m in Sources */ = {isa = PBXBuildFile; fileRef = 22762FBB105E8589003BF968 /* AccelerationRecorder.m */; };
		22798F46105FABAD0035C643 /* DebugViewController.m in Sources */ = {isa = PBXBuildFile; fileRef = 22798F44105FABAD0035C643 /* DebugViewController.m */; };
		22798F47105FABAD0035C643 /* DebugViewController.xib in Resources */ = {isa = PBXBuildFile; fileRef = 22798F45105FABAD0035C643 /* DebugViewController.xib */; };
		22798FE9105FC9D90035C643 /* HoccerImage.m in Sources */ = {isa = PBXBuildFile; fileRef = 22798FE6105FC9D90035C643 /* HoccerImage.m */; };
		22798FEA105FC9D90035C643 /* HoccerUrl.m in Sources */ = {isa = PBXBuildFile; fileRef = 22798FE8105FC9D90035C643 /* HoccerUrl.m */; };
		22798FEE105FCA1E0035C643 /* HoccerContentFactory.m in Sources */ = {isa = PBXBuildFile; fileRef = 22798FED105FCA1E0035C643 /* HoccerContentFactory.m */; };
		22799025105FD87D0035C643 /* HoccerImage.m in Sources */ = {isa = PBXBuildFile; fileRef = 22798FE6105FC9D90035C643 /* HoccerImage.m */; };
		22799026105FD8810035C643 /* HoccerUrl.m in Sources */ = {isa = PBXBuildFile; fileRef = 22798FE8105FC9D90035C643 /* HoccerUrl.m */; };
		22799027105FD8870035C643 /* HoccerContentFactory.m in Sources */ = {isa = PBXBuildFile; fileRef = 22798FED105FCA1E0035C643 /* HoccerContentFactory.m */; };
		22799046105FDCEB0035C643 /* HoccerText.m in Sources */ = {isa = PBXBuildFile; fileRef = 22799045105FDCEB0035C643 /* HoccerText.m */; };
		22799047105FDCEB0035C643 /* HoccerText.m in Sources */ = {isa = PBXBuildFile; fileRef = 22799045105FDCEB0035C643 /* HoccerText.m */; };
		227990F5105FE97D0035C643 /* ContentFactoryTests.m in Sources */ = {isa = PBXBuildFile; fileRef = 227990F4105FE97D0035C643 /* ContentFactoryTests.m */; };
		288765A50DF7441C002DB57D /* CoreGraphics.framework in Frameworks */ = {isa = PBXBuildFile; fileRef = 288765A40DF7441C002DB57D /* CoreGraphics.framework */; };
		2899E5220DE3E06400AC0155 /* HoccerViewController.xib in Resources */ = {isa = PBXBuildFile; fileRef = 2899E5210DE3E06400AC0155 /* HoccerViewController.xib */; };
		28AD733F0D9D9553002E5188 /* MainWindow.xib in Resources */ = {isa = PBXBuildFile; fileRef = 28AD733E0D9D9553002E5188 /* MainWindow.xib */; };
		28D7ACF80DDB3853001CB0EB /* HoccerViewController.m in Sources */ = {isa = PBXBuildFile; fileRef = 28D7ACF70DDB3853001CB0EB /* HoccerViewController.m */; };
/* End PBXBuildFile section */

/* Begin PBXContainerItemProxy section */
		22798DFF105F7DBD0035C643 /* PBXContainerItemProxy */ = {
			isa = PBXContainerItemProxy;
			containerPortal = 29B97313FDCFA39411CA2CEA /* Project object */;
			proxyType = 1;
			remoteGlobalIDString = 1D6058900D05DD3D006BFB54 /* Hoccer */;
			remoteInfo = Hoccer;
		};
/* End PBXContainerItemProxy section */

/* Begin PBXFileReference section */
		1D30AB110D05D00D00671497 /* Foundation.framework */ = {isa = PBXFileReference; lastKnownFileType = wrapper.framework; name = Foundation.framework; path = System/Library/Frameworks/Foundation.framework; sourceTree = SDKROOT; };
		1D3623240D0F684500981E51 /* HoccerAppDelegate.h */ = {isa = PBXFileReference; fileEncoding = 4; lastKnownFileType = sourcecode.c.h; path = HoccerAppDelegate.h; sourceTree = "<group>"; };
		1D3623250D0F684500981E51 /* HoccerAppDelegate.m */ = {isa = PBXFileReference; fileEncoding = 4; lastKnownFileType = sourcecode.c.objc; path = HoccerAppDelegate.m; sourceTree = "<group>"; };
		1D6058910D05DD3D006BFB54 /* Hoccer.app */ = {isa = PBXFileReference; explicitFileType = wrapper.application; includeInIndex = 0; path = Hoccer.app; sourceTree = BUILT_PRODUCTS_DIR; };
		1DF5F4DF0D08C38300B7A737 /* UIKit.framework */ = {isa = PBXFileReference; lastKnownFileType = wrapper.framework; name = UIKit.framework; path = System/Library/Frameworks/UIKit.framework; sourceTree = SDKROOT; };
		223BC3451055358D00ABE5A2 /* PeerGroupRequest.h */ = {isa = PBXFileReference; fileEncoding = 4; lastKnownFileType = sourcecode.c.h; name = PeerGroupRequest.h; path = Communication/PeerGroupRequest.h; sourceTree = "<group>"; };
		223BC3461055358E00ABE5A2 /* PeerGroupRequest.m */ = {isa = PBXFileReference; fileEncoding = 4; lastKnownFileType = sourcecode.c.objc; name = PeerGroupRequest.m; path = Communication/PeerGroupRequest.m; sourceTree = "<group>"; };
		223BC35E10553B2400ABE5A2 /* CoreLocation.framework */ = {isa = PBXFileReference; lastKnownFileType = wrapper.framework; name = CoreLocation.framework; path = System/Library/Frameworks/CoreLocation.framework; sourceTree = SDKROOT; };
		223BC40E1055556200ABE5A2 /* JSON.h */ = {isa = PBXFileReference; fileEncoding = 4; lastKnownFileType = sourcecode.c.h; path = JSON.h; sourceTree = "<group>"; };
		223BC40F1055556200ABE5A2 /* NSObject+SBJSON.h */ = {isa = PBXFileReference; fileEncoding = 4; lastKnownFileType = sourcecode.c.h; path = "NSObject+SBJSON.h"; sourceTree = "<group>"; };
		223BC4101055556200ABE5A2 /* NSObject+SBJSON.m */ = {isa = PBXFileReference; fileEncoding = 4; lastKnownFileType = sourcecode.c.objc; path = "NSObject+SBJSON.m"; sourceTree = "<group>"; };
		223BC4111055556200ABE5A2 /* NSString+SBJSON.h */ = {isa = PBXFileReference; fileEncoding = 4; lastKnownFileType = sourcecode.c.h; path = "NSString+SBJSON.h"; sourceTree = "<group>"; };
		223BC4121055556200ABE5A2 /* NSString+SBJSON.m */ = {isa = PBXFileReference; fileEncoding = 4; lastKnownFileType = sourcecode.c.objc; path = "NSString+SBJSON.m"; sourceTree = "<group>"; };
		223BC4131055556200ABE5A2 /* SBJSON.h */ = {isa = PBXFileReference; fileEncoding = 4; lastKnownFileType = sourcecode.c.h; path = SBJSON.h; sourceTree = "<group>"; };
		223BC4141055556200ABE5A2 /* SBJSON.m */ = {isa = PBXFileReference; fileEncoding = 4; lastKnownFileType = sourcecode.c.objc; path = SBJSON.m; sourceTree = "<group>"; };
		223BC4151055556200ABE5A2 /* SBJsonBase.h */ = {isa = PBXFileReference; fileEncoding = 4; lastKnownFileType = sourcecode.c.h; path = SBJsonBase.h; sourceTree = "<group>"; };
		223BC4161055556200ABE5A2 /* SBJsonBase.m */ = {isa = PBXFileReference; fileEncoding = 4; lastKnownFileType = sourcecode.c.objc; path = SBJsonBase.m; sourceTree = "<group>"; };
		223BC4171055556200ABE5A2 /* SBJsonParser.h */ = {isa = PBXFileReference; fileEncoding = 4; lastKnownFileType = sourcecode.c.h; path = SBJsonParser.h; sourceTree = "<group>"; };
		223BC4181055556200ABE5A2 /* SBJsonParser.m */ = {isa = PBXFileReference; fileEncoding = 4; lastKnownFileType = sourcecode.c.objc; path = SBJsonParser.m; sourceTree = "<group>"; };
		223BC4191055556200ABE5A2 /* SBJsonWriter.h */ = {isa = PBXFileReference; fileEncoding = 4; lastKnownFileType = sourcecode.c.h; path = SBJsonWriter.h; sourceTree = "<group>"; };
		223BC41A1055556200ABE5A2 /* SBJsonWriter.m */ = {isa = PBXFileReference; fileEncoding = 4; lastKnownFileType = sourcecode.c.objc; path = SBJsonWriter.m; sourceTree = "<group>"; };
		223BC43E10555B2700ABE5A2 /* NSObject+DelegateHelper.h */ = {isa = PBXFileReference; fileEncoding = 4; lastKnownFileType = sourcecode.c.h; name = "NSObject+DelegateHelper.h"; path = "Helper/NSObject+DelegateHelper.h"; sourceTree = "<group>"; };
		223BC43F10555B2700ABE5A2 /* NSObject+DelegateHelper.m */ = {isa = PBXFileReference; fileEncoding = 4; lastKnownFileType = sourcecode.c.objc; name = "NSObject+DelegateHelper.m"; path = "Helper/NSObject+DelegateHelper.m"; sourceTree = "<group>"; };
		223BC4A51055671C00ABE5A2 /* PeerGroupPollingRequest.h */ = {isa = PBXFileReference; fileEncoding = 4; lastKnownFileType = sourcecode.c.h; name = PeerGroupPollingRequest.h; path = Communication/PeerGroupPollingRequest.h; sourceTree = "<group>"; };
		223BC4A61055671C00ABE5A2 /* PeerGroupPollingRequest.m */ = {isa = PBXFileReference; fileEncoding = 4; lastKnownFileType = sourcecode.c.objc; name = PeerGroupPollingRequest.m; path = Communication/PeerGroupPollingRequest.m; sourceTree = "<group>"; };
		227333ED1056426D004228B4 /* icon.png */ = {isa = PBXFileReference; lastKnownFileType = image.png; name = icon.png; path = Resources/icon.png; sourceTree = "<group>"; };
		227334A31056603B004228B4 /* BaseHoccerRequest.h */ = {isa = PBXFileReference; fileEncoding = 4; lastKnownFileType = sourcecode.c.h; path = BaseHoccerRequest.h; sourceTree = "<group>"; };
		227334A41056603B004228B4 /* BaseHoccerRequest.m */ = {isa = PBXFileReference; fileEncoding = 4; lastKnownFileType = sourcecode.c.objc; path = BaseHoccerRequest.m; sourceTree = "<group>"; };
		2273358B10566826004228B4 /* DownloadRequest.h */ = {isa = PBXFileReference; fileEncoding = 4; lastKnownFileType = sourcecode.c.h; name = DownloadRequest.h; path = Communication/DownloadRequest.h; sourceTree = "<group>"; };
		2273358C10566826004228B4 /* DownloadRequest.m */ = {isa = PBXFileReference; fileEncoding = 4; lastKnownFileType = sourcecode.c.objc; name = DownloadRequest.m; path = Communication/DownloadRequest.m; sourceTree = "<group>"; };
		22762D03105E412A003BF968 /* Test.octest */ = {isa = PBXFileReference; explicitFileType = wrapper.cfbundle; includeInIndex = 0; path = Test.octest; sourceTree = BUILT_PRODUCTS_DIR; };
		22762D04105E412A003BF968 /* Test-Info.plist */ = {isa = PBXFileReference; lastKnownFileType = text.plist.xml; path = "Test-Info.plist"; sourceTree = "<group>"; };
		22762D76105E4A24003BF968 /* AccelerometerTestFrameworkTests.h */ = {isa = PBXFileReference; fileEncoding = 4; lastKnownFileType = sourcecode.c.h; name = AccelerometerTestFrameworkTests.h; path = Tests/AccelerometerTestFrameworkTests.h; sourceTree = "<group>"; };
		22762D77105E4A24003BF968 /* AccelerometerTestFrameworkTests.m */ = {isa = PBXFileReference; fileEncoding = 4; lastKnownFileType = sourcecode.c.objc; name = AccelerometerTestFrameworkTests.m; path = Tests/AccelerometerTestFrameworkTests.m; sourceTree = "<group>"; };
		22762DD8105E541D003BF968 /* MockedAccelerometerDelegate.h */ = {isa = PBXFileReference; fileEncoding = 4; lastKnownFileType = sourcecode.c.h; name = MockedAccelerometerDelegate.h; path = Tests/AccelerometerTestFramework/MockedAccelerometerDelegate.h; sourceTree = "<group>"; };
		22762DD9105E541D003BF968 /* MockedAccelerometerDelegate.m */ = {isa = PBXFileReference; fileEncoding = 4; lastKnownFileType = sourcecode.c.objc; name = MockedAccelerometerDelegate.m; path = Tests/AccelerometerTestFramework/MockedAccelerometerDelegate.m; sourceTree = "<group>"; };
		22762DDA105E541D003BF968 /* UIAccelerometer+TestPlayback.h */ = {isa = PBXFileReference; fileEncoding = 4; lastKnownFileType = sourcecode.c.h; name = "UIAccelerometer+TestPlayback.h"; path = "Tests/AccelerometerTestFramework/UIAccelerometer+TestPlayback.h"; sourceTree = "<group>"; };
		22762DDB105E541D003BF968 /* UIAccelerometer+TestPlayback.m */ = {isa = PBXFileReference; fileEncoding = 4; lastKnownFileType = sourcecode.c.objc; name = "UIAccelerometer+TestPlayback.m"; path = "Tests/AccelerometerTestFramework/UIAccelerometer+TestPlayback.m"; sourceTree = "<group>"; };
		22762F61105E78AF003BF968 /* 2_values.txt */ = {isa = PBXFileReference; fileEncoding = 4; lastKnownFileType = text; name = 2_values.txt; path = Resources/fixtures/2_values.txt; sourceTree = "<group>"; };
		22762FA6105E7D88003BF968 /* UIAcceleration+TestSetters.h */ = {isa = PBXFileReference; fileEncoding = 4; lastKnownFileType = sourcecode.c.h; name = "UIAcceleration+TestSetters.h"; path = "Tests/AccelerometerTestFramework/UIAcceleration+TestSetters.h"; sourceTree = "<group>"; };
		22762FA7105E7D88003BF968 /* UIAcceleration+TestSetters.m */ = {isa = PBXFileReference; fileEncoding = 4; lastKnownFileType = sourcecode.c.objc; name = "UIAcceleration+TestSetters.m"; path = "Tests/AccelerometerTestFramework/UIAcceleration+TestSetters.m"; sourceTree = "<group>"; };
		22762FB5105E84B5003BF968 /* GesturesInterpretedDelegate.h */ = {isa = PBXFileReference; fileEncoding = 4; lastKnownFileType = sourcecode.c.h; name = GesturesInterpretedDelegate.h; path = GesturesInterpreter/GesturesInterpretedDelegate.h; sourceTree = "<group>"; };
		22762FB6105E84B5003BF968 /* GesturesInterpreter.h */ = {isa = PBXFileReference; fileEncoding = 4; lastKnownFileType = sourcecode.c.h; name = GesturesInterpreter.h; path = GesturesInterpreter/GesturesInterpreter.h; sourceTree = "<group>"; };
		22762FB7105E84B5003BF968 /* GesturesInterpreter.m */ = {isa = PBXFileReference; fileEncoding = 4; lastKnownFileType = sourcecode.c.objc; name = GesturesInterpreter.m; path = GesturesInterpreter/GesturesInterpreter.m; sourceTree = "<group>"; };
		22762FBA105E8589003BF968 /* AccelerationRecorder.h */ = {isa = PBXFileReference; fileEncoding = 4; lastKnownFileType = sourcecode.c.h; name = AccelerationRecorder.h; path = AccelerationRecorder/AccelerationRecorder.h; sourceTree = "<group>"; };
		22762FBB105E8589003BF968 /* AccelerationRecorder.m */ = {isa = PBXFileReference; fileEncoding = 4; lastKnownFileType = sourcecode.c.objc; name = AccelerationRecorder.m; path = AccelerationRecorder/AccelerationRecorder.m; sourceTree = "<group>"; };
		227630E1105E99E5003BF968 /* HoccerTests-Info.plist */ = {isa = PBXFileReference; lastKnownFileType = text.plist.xml; path = "HoccerTests-Info.plist"; sourceTree = "<group>"; };
		22798F43105FABAD0035C643 /* DebugViewController.h */ = {isa = PBXFileReference; fileEncoding = 4; lastKnownFileType = sourcecode.c.h; path = DebugViewController.h; sourceTree = "<group>"; };
		22798F44105FABAD0035C643 /* DebugViewController.m */ = {isa = PBXFileReference; fileEncoding = 4; lastKnownFileType = sourcecode.c.objc; path = DebugViewController.m; sourceTree = "<group>"; };
		22798F45105FABAD0035C643 /* DebugViewController.xib */ = {isa = PBXFileReference; lastKnownFileType = file.xib; name = DebugViewController.xib; path = Classes/DebugViewController.xib; sourceTree = "<group>"; };
		22798FE4105FC9D90035C643 /* HoccerContent.h */ = {isa = PBXFileReference; fileEncoding = 4; lastKnownFileType = sourcecode.c.h; name = HoccerContent.h; path = Content/HoccerContent.h; sourceTree = "<group>"; };
		22798FE5105FC9D90035C643 /* HoccerImage.h */ = {isa = PBXFileReference; fileEncoding = 4; lastKnownFileType = sourcecode.c.h; name = HoccerImage.h; path = Content/HoccerImage.h; sourceTree = "<group>"; };
		22798FE6105FC9D90035C643 /* HoccerImage.m */ = {isa = PBXFileReference; fileEncoding = 4; lastKnownFileType = sourcecode.c.objc; name = HoccerImage.m; path = Content/HoccerImage.m; sourceTree = "<group>"; };
		22798FE7105FC9D90035C643 /* HoccerUrl.h */ = {isa = PBXFileReference; fileEncoding = 4; lastKnownFileType = sourcecode.c.h; name = HoccerUrl.h; path = Content/HoccerUrl.h; sourceTree = "<group>"; };
		22798FE8105FC9D90035C643 /* HoccerUrl.m */ = {isa = PBXFileReference; fileEncoding = 4; lastKnownFileType = sourcecode.c.objc; name = HoccerUrl.m; path = Content/HoccerUrl.m; sourceTree = "<group>"; };
		22798FEC105FCA1E0035C643 /* HoccerContentFactory.h */ = {isa = PBXFileReference; fileEncoding = 4; lastKnownFileType = sourcecode.c.h; name = HoccerContentFactory.h; path = Content/HoccerContentFactory.h; sourceTree = "<group>"; };
		22798FED105FCA1E0035C643 /* HoccerContentFactory.m */ = {isa = PBXFileReference; fileEncoding = 4; lastKnownFileType = sourcecode.c.objc; name = HoccerContentFactory.m; path = Content/HoccerContentFactory.m; sourceTree = "<group>"; };
		22799044105FDCEB0035C643 /* HoccerText.h */ = {isa = PBXFileReference; fileEncoding = 4; lastKnownFileType = sourcecode.c.h; name = HoccerText.h; path = Content/HoccerText.h; sourceTree = "<group>"; };
		22799045105FDCEB0035C643 /* HoccerText.m */ = {isa = PBXFileReference; fileEncoding = 4; lastKnownFileType = sourcecode.c.objc; name = HoccerText.m; path = Content/HoccerText.m; sourceTree = "<group>"; };
		227990F3105FE97D0035C643 /* ContentFactoryTests.h */ = {isa = PBXFileReference; fileEncoding = 4; lastKnownFileType = sourcecode.c.h; name = ContentFactoryTests.h; path = Tests/ContentFactoryTests.h; sourceTree = "<group>"; };
		227990F4105FE97D0035C643 /* ContentFactoryTests.m */ = {isa = PBXFileReference; fileEncoding = 4; lastKnownFileType = sourcecode.c.objc; name = ContentFactoryTests.m; path = Tests/ContentFactoryTests.m; sourceTree = "<group>"; };
		288765A40DF7441C002DB57D /* CoreGraphics.framework */ = {isa = PBXFileReference; lastKnownFileType = wrapper.framework; name = CoreGraphics.framework; path = System/Library/Frameworks/CoreGraphics.framework; sourceTree = SDKROOT; };
		2899E5210DE3E06400AC0155 /* HoccerViewController.xib */ = {isa = PBXFileReference; lastKnownFileType = file.xib; path = HoccerViewController.xib; sourceTree = "<group>"; };
		28AD733E0D9D9553002E5188 /* MainWindow.xib */ = {isa = PBXFileReference; lastKnownFileType = file.xib; path = MainWindow.xib; sourceTree = "<group>"; };
		28D7ACF60DDB3853001CB0EB /* HoccerViewController.h */ = {isa = PBXFileReference; fileEncoding = 4; lastKnownFileType = sourcecode.c.h; path = HoccerViewController.h; sourceTree = "<group>"; };
		28D7ACF70DDB3853001CB0EB /* HoccerViewController.m */ = {isa = PBXFileReference; fileEncoding = 4; lastKnownFileType = sourcecode.c.objc; path = HoccerViewController.m; sourceTree = "<group>"; };
		29B97316FDCFA39411CA2CEA /* main.m */ = {isa = PBXFileReference; fileEncoding = 4; lastKnownFileType = sourcecode.c.objc; path = main.m; sourceTree = "<group>"; };
		32CA4F630368D1EE00C91783 /* Hoccer_Prefix.pch */ = {isa = PBXFileReference; fileEncoding = 4; lastKnownFileType = sourcecode.c.h; path = Hoccer_Prefix.pch; sourceTree = "<group>"; };
		8D1107310486CEB800E47090 /* Hoccer-Info.plist */ = {isa = PBXFileReference; fileEncoding = 4; lastKnownFileType = text.plist.xml; path = "Hoccer-Info.plist"; plistStructureDefinitionIdentifier = "com.apple.xcode.plist.structure-definition.iphone.info-plist"; sourceTree = "<group>"; };
/* End PBXFileReference section */

/* Begin PBXFrameworksBuildPhase section */
		1D60588F0D05DD3D006BFB54 /* Frameworks */ = {
			isa = PBXFrameworksBuildPhase;
			buildActionMask = 2147483647;
			files = (
				1D60589F0D05DD5A006BFB54 /* Foundation.framework in Frameworks */,
				1DF5F4E00D08C38300B7A737 /* UIKit.framework in Frameworks */,
				288765A50DF7441C002DB57D /* CoreGraphics.framework in Frameworks */,
				223BC35F10553B2400ABE5A2 /* CoreLocation.framework in Frameworks */,
			);
			runOnlyForDeploymentPostprocessing = 0;
		};
		22762D00105E412A003BF968 /* Frameworks */ = {
			isa = PBXFrameworksBuildPhase;
			buildActionMask = 2147483647;
			files = (
			);
			runOnlyForDeploymentPostprocessing = 0;
		};
/* End PBXFrameworksBuildPhase section */

/* Begin PBXGroup section */
		080E96DDFE201D6D7F000001 /* Classes */ = {
			isa = PBXGroup;
			children = (
				227990C3105FE2F20035C643 /* Debug */,
				22762FB9105E8512003BF968 /* AccelerationRecorder */,
				2205A6E21057C27F005C5036 /* Content */,
				22762FA9105E7E27003BF968 /* GesturesInterpreter */,
				223BC3411055320A00ABE5A2 /* Communication */,
				223BC43C10555AD300ABE5A2 /* Helper */,
				223BC40D1055556200ABE5A2 /* JSON */,
				1D3623240D0F684500981E51 /* HoccerAppDelegate.h */,
				1D3623250D0F684500981E51 /* HoccerAppDelegate.m */,
				28D7ACF60DDB3853001CB0EB /* HoccerViewController.h */,
				28D7ACF70DDB3853001CB0EB /* HoccerViewController.m */,
			);
			path = Classes;
			sourceTree = "<group>";
		};
		19C28FACFE9D520D11CA2CBB /* Products */ = {
			isa = PBXGroup;
			children = (
				1D6058910D05DD3D006BFB54 /* Hoccer.app */,
				22762D03105E412A003BF968 /* Test.octest */,
			);
			name = Products;
			sourceTree = "<group>";
		};
		2205A6E21057C27F005C5036 /* Content */ = {
			isa = PBXGroup;
			children = (
				22798FE4105FC9D90035C643 /* HoccerContent.h */,
				22798FE5105FC9D90035C643 /* HoccerImage.h */,
				22798FE6105FC9D90035C643 /* HoccerImage.m */,
				22798FE7105FC9D90035C643 /* HoccerUrl.h */,
				22798FE8105FC9D90035C643 /* HoccerUrl.m */,
				22798FEC105FCA1E0035C643 /* HoccerContentFactory.h */,
				22798FED105FCA1E0035C643 /* HoccerContentFactory.m */,
				22799044105FDCEB0035C643 /* HoccerText.h */,
				22799045105FDCEB0035C643 /* HoccerText.m */,
			);
			name = Content;
			sourceTree = "<group>";
		};
		223BC3411055320A00ABE5A2 /* Communication */ = {
			isa = PBXGroup;
			children = (
				223BC4A51055671C00ABE5A2 /* PeerGroupPollingRequest.h */,
				223BC4A61055671C00ABE5A2 /* PeerGroupPollingRequest.m */,
				223BC3451055358D00ABE5A2 /* PeerGroupRequest.h */,
				223BC3461055358E00ABE5A2 /* PeerGroupRequest.m */,
				227334A31056603B004228B4 /* BaseHoccerRequest.h */,
				227334A41056603B004228B4 /* BaseHoccerRequest.m */,
				2273358B10566826004228B4 /* DownloadRequest.h */,
				2273358C10566826004228B4 /* DownloadRequest.m */,
			);
			name = Communication;
			sourceTree = "<group>";
		};
		223BC40D1055556200ABE5A2 /* JSON */ = {
			isa = PBXGroup;
			children = (
				223BC40E1055556200ABE5A2 /* JSON.h */,
				223BC40F1055556200ABE5A2 /* NSObject+SBJSON.h */,
				223BC4101055556200ABE5A2 /* NSObject+SBJSON.m */,
				223BC4111055556200ABE5A2 /* NSString+SBJSON.h */,
				223BC4121055556200ABE5A2 /* NSString+SBJSON.m */,
				223BC4131055556200ABE5A2 /* SBJSON.h */,
				223BC4141055556200ABE5A2 /* SBJSON.m */,
				223BC4151055556200ABE5A2 /* SBJsonBase.h */,
				223BC4161055556200ABE5A2 /* SBJsonBase.m */,
				223BC4171055556200ABE5A2 /* SBJsonParser.h */,
				223BC4181055556200ABE5A2 /* SBJsonParser.m */,
				223BC4191055556200ABE5A2 /* SBJsonWriter.h */,
				223BC41A1055556200ABE5A2 /* SBJsonWriter.m */,
			);
			path = JSON;
			sourceTree = "<group>";
		};
		223BC43C10555AD300ABE5A2 /* Helper */ = {
			isa = PBXGroup;
			children = (
				223BC43E10555B2700ABE5A2 /* NSObject+DelegateHelper.h */,
				223BC43F10555B2700ABE5A2 /* NSObject+DelegateHelper.m */,
			);
			name = Helper;
			sourceTree = "<group>";
		};
		22762D17105E4408003BF968 /* Tests */ = {
			isa = PBXGroup;
			children = (
				227990F3105FE97D0035C643 /* ContentFactoryTests.h */,
				227990F4105FE97D0035C643 /* ContentFactoryTests.m */,
				22762D7E105E4F98003BF968 /* AcceletometerTestFramework */,
				22762D76105E4A24003BF968 /* AccelerometerTestFrameworkTests.h */,
				22762D77105E4A24003BF968 /* AccelerometerTestFrameworkTests.m */,
			);
			name = Tests;
			sourceTree = "<group>";
		};
		22762D7E105E4F98003BF968 /* AcceletometerTestFramework */ = {
			isa = PBXGroup;
			children = (
				22762FA6105E7D88003BF968 /* UIAcceleration+TestSetters.h */,
				22762FA7105E7D88003BF968 /* UIAcceleration+TestSetters.m */,
				22762DD8105E541D003BF968 /* MockedAccelerometerDelegate.h */,
				22762DD9105E541D003BF968 /* MockedAccelerometerDelegate.m */,
				22762DDA105E541D003BF968 /* UIAccelerometer+TestPlayback.h */,
				22762DDB105E541D003BF968 /* UIAccelerometer+TestPlayback.m */,
			);
			name = AcceletometerTestFramework;
			sourceTree = "<group>";
		};
		22762DE5105E5688003BF968 /* fixtures */ = {
			isa = PBXGroup;
			children = (
				22762F61105E78AF003BF968 /* 2_values.txt */,
			);
			name = fixtures;
			sourceTree = "<group>";
		};
		22762FA9105E7E27003BF968 /* GesturesInterpreter */ = {
			isa = PBXGroup;
			children = (
				22762FB5105E84B5003BF968 /* GesturesInterpretedDelegate.h */,
				22762FB6105E84B5003BF968 /* GesturesInterpreter.h */,
				22762FB7105E84B5003BF968 /* GesturesInterpreter.m */,
			);
			name = GesturesInterpreter;
			sourceTree = "<group>";
		};
		22762FB9105E8512003BF968 /* AccelerationRecorder */ = {
			isa = PBXGroup;
			children = (
				22762FBA105E8589003BF968 /* AccelerationRecorder.h */,
				22762FBB105E8589003BF968 /* AccelerationRecorder.m */,
			);
			name = AccelerationRecorder;
			sourceTree = "<group>";
		};
		227990C3105FE2F20035C643 /* Debug */ = {
			isa = PBXGroup;
			children = (
				22798F43105FABAD0035C643 /* DebugViewController.h */,
				22798F44105FABAD0035C643 /* DebugViewController.m */,
			);
			name = Debug;
			sourceTree = "<group>";
		};
		29B97314FDCFA39411CA2CEA /* CustomTemplate */ = {
			isa = PBXGroup;
			children = (
				080E96DDFE201D6D7F000001 /* Classes */,
				22762D17105E4408003BF968 /* Tests */,
				29B97315FDCFA39411CA2CEA /* Other Sources */,
				29B97317FDCFA39411CA2CEA /* Resources */,
				29B97323FDCFA39411CA2CEA /* Frameworks */,
				19C28FACFE9D520D11CA2CBB /* Products */,
				22762D04105E412A003BF968 /* Test-Info.plist */,
				227630E1105E99E5003BF968 /* HoccerTests-Info.plist */,
			);
			name = CustomTemplate;
			sourceTree = "<group>";
		};
		29B97315FDCFA39411CA2CEA /* Other Sources */ = {
			isa = PBXGroup;
			children = (
				32CA4F630368D1EE00C91783 /* Hoccer_Prefix.pch */,
				29B97316FDCFA39411CA2CEA /* main.m */,
			);
			name = "Other Sources";
			sourceTree = "<group>";
		};
		29B97317FDCFA39411CA2CEA /* Resources */ = {
			isa = PBXGroup;
			children = (
				22762DE5105E5688003BF968 /* fixtures */,
				227333ED1056426D004228B4 /* icon.png */,
				22798F45105FABAD0035C643 /* DebugViewController.xib */,
				2899E5210DE3E06400AC0155 /* HoccerViewController.xib */,
				28AD733E0D9D9553002E5188 /* MainWindow.xib */,
				8D1107310486CEB800E47090 /* Hoccer-Info.plist */,
			);
			name = Resources;
			sourceTree = "<group>";
		};
		29B97323FDCFA39411CA2CEA /* Frameworks */ = {
			isa = PBXGroup;
			children = (
				223BC35E10553B2400ABE5A2 /* CoreLocation.framework */,
				1DF5F4DF0D08C38300B7A737 /* UIKit.framework */,
				1D30AB110D05D00D00671497 /* Foundation.framework */,
				288765A40DF7441C002DB57D /* CoreGraphics.framework */,
			);
			name = Frameworks;
			sourceTree = "<group>";
		};
/* End PBXGroup section */

/* Begin PBXNativeTarget section */
		1D6058900D05DD3D006BFB54 /* Hoccer */ = {
			isa = PBXNativeTarget;
			buildConfigurationList = 1D6058960D05DD3E006BFB54 /* Build configuration list for PBXNativeTarget "Hoccer" */;
			buildPhases = (
				1D60588D0D05DD3D006BFB54 /* Resources */,
				1D60588E0D05DD3D006BFB54 /* Sources */,
				1D60588F0D05DD3D006BFB54 /* Frameworks */,
			);
			buildRules = (
			);
			dependencies = (
			);
			name = Hoccer;
			productName = Hoccer;
			productReference = 1D6058910D05DD3D006BFB54 /* Hoccer.app */;
			productType = "com.apple.product-type.application";
		};
		22762D02105E412A003BF968 /* Test */ = {
			isa = PBXNativeTarget;
			buildConfigurationList = 22762D07105E412B003BF968 /* Build configuration list for PBXNativeTarget "Test" */;
			buildPhases = (
				22762CFE105E412A003BF968 /* Resources */,
				22762CFF105E412A003BF968 /* Sources */,
				22762D00105E412A003BF968 /* Frameworks */,
				22762D01105E412A003BF968 /* ShellScript */,
			);
			buildRules = (
			);
			dependencies = (
				22798E00105F7DBD0035C643 /* PBXTargetDependency */,
			);
			name = Test;
			productName = Test;
			productReference = 22762D03105E412A003BF968 /* Test.octest */;
			productType = "com.apple.product-type.bundle";
		};
/* End PBXNativeTarget section */

/* Begin PBXProject section */
		29B97313FDCFA39411CA2CEA /* Project object */ = {
			isa = PBXProject;
			buildConfigurationList = C01FCF4E08A954540054247B /* Build configuration list for PBXProject "Hoccer" */;
			compatibilityVersion = "Xcode 3.1";
			hasScannedForEncodings = 1;
			mainGroup = 29B97314FDCFA39411CA2CEA /* CustomTemplate */;
			projectDirPath = "";
			projectRoot = "";
			targets = (
				1D6058900D05DD3D006BFB54 /* Hoccer */,
				22762D02105E412A003BF968 /* Test */,
			);
		};
/* End PBXProject section */

/* Begin PBXResourcesBuildPhase section */
		1D60588D0D05DD3D006BFB54 /* Resources */ = {
			isa = PBXResourcesBuildPhase;
			buildActionMask = 2147483647;
			files = (
				28AD733F0D9D9553002E5188 /* MainWindow.xib in Resources */,
				2899E5220DE3E06400AC0155 /* HoccerViewController.xib in Resources */,
				227333EE1056426D004228B4 /* icon.png in Resources */,
				22798F47105FABAD0035C643 /* DebugViewController.xib in Resources */,
			);
			runOnlyForDeploymentPostprocessing = 0;
		};
		22762CFE105E412A003BF968 /* Resources */ = {
			isa = PBXResourcesBuildPhase;
			buildActionMask = 2147483647;
			files = (
				22762F62105E78AF003BF968 /* 2_values.txt in Resources */,
			);
			runOnlyForDeploymentPostprocessing = 0;
		};
/* End PBXResourcesBuildPhase section */

/* Begin PBXShellScriptBuildPhase section */
		22762D01105E412A003BF968 /* ShellScript */ = {
			isa = PBXShellScriptBuildPhase;
			buildActionMask = 2147483647;
			files = (
			);
			inputPaths = (
			);
			outputPaths = (
			);
			runOnlyForDeploymentPostprocessing = 0;
			shellPath = /bin/sh;
			shellScript = "# Run the unit tests in this test bundle.\n\"${SYSTEM_DEVELOPER_DIR}/Tools/RunUnitTests\"\n";
		};
/* End PBXShellScriptBuildPhase section */

/* Begin PBXSourcesBuildPhase section */
		1D60588E0D05DD3D006BFB54 /* Sources */ = {
			isa = PBXSourcesBuildPhase;
			buildActionMask = 2147483647;
			files = (
				1D60589B0D05DD56006BFB54 /* main.m in Sources */,
				1D3623260D0F684500981E51 /* HoccerAppDelegate.m in Sources */,
				28D7ACF80DDB3853001CB0EB /* HoccerViewController.m in Sources */,
				223BC3471055358E00ABE5A2 /* PeerGroupRequest.m in Sources */,
				223BC41B1055556200ABE5A2 /* NSObject+SBJSON.m in Sources */,
				223BC41C1055556200ABE5A2 /* NSString+SBJSON.m in Sources */,
				223BC41D1055556200ABE5A2 /* SBJSON.m in Sources */,
				223BC41E1055556200ABE5A2 /* SBJsonBase.m in Sources */,
				223BC41F1055556200ABE5A2 /* SBJsonParser.m in Sources */,
				223BC4201055556200ABE5A2 /* SBJsonWriter.m in Sources */,
				223BC44010555B2700ABE5A2 /* NSObject+DelegateHelper.m in Sources */,
				223BC4A71055671C00ABE5A2 /* PeerGroupPollingRequest.m in Sources */,
				227334A51056603B004228B4 /* BaseHoccerRequest.m in Sources */,
				2273358D10566826004228B4 /* DownloadRequest.m in Sources */,
				22762FB8105E84B5003BF968 /* GesturesInterpreter.m in Sources */,
				22762FBC105E8589003BF968 /* AccelerationRecorder.m in Sources */,
				22798F46105FABAD0035C643 /* DebugViewController.m in Sources */,
				22798FE9105FC9D90035C643 /* HoccerImage.m in Sources */,
				22798FEA105FC9D90035C643 /* HoccerUrl.m in Sources */,
				22798FEE105FCA1E0035C643 /* HoccerContentFactory.m in Sources */,
				22799047105FDCEB0035C643 /* HoccerText.m in Sources */,
			);
			runOnlyForDeploymentPostprocessing = 0;
		};
		22762CFF105E412A003BF968 /* Sources */ = {
			isa = PBXSourcesBuildPhase;
			buildActionMask = 2147483647;
			files = (
				22762D78105E4A24003BF968 /* AccelerometerTestFrameworkTests.m in Sources */,
				22762DDC105E541D003BF968 /* MockedAccelerometerDelegate.m in Sources */,
				22762DDD105E541D003BF968 /* UIAccelerometer+TestPlayback.m in Sources */,
				22762FA8105E7D88003BF968 /* UIAcceleration+TestSetters.m in Sources */,
				22798E2E105F7F4C0035C643 /* AccelerationRecorder.m in Sources */,
				22799025105FD87D0035C643 /* HoccerImage.m in Sources */,
				22799026105FD8810035C643 /* HoccerUrl.m in Sources */,
				22799027105FD8870035C643 /* HoccerContentFactory.m in Sources */,
				22799046105FDCEB0035C643 /* HoccerText.m in Sources */,
				227990F5105FE97D0035C643 /* ContentFactoryTests.m in Sources */,
			);
			runOnlyForDeploymentPostprocessing = 0;
		};
/* End PBXSourcesBuildPhase section */

/* Begin PBXTargetDependency section */
		22798E00105F7DBD0035C643 /* PBXTargetDependency */ = {
			isa = PBXTargetDependency;
			target = 1D6058900D05DD3D006BFB54 /* Hoccer */;
			targetProxy = 22798DFF105F7DBD0035C643 /* PBXContainerItemProxy */;
		};
/* End PBXTargetDependency section */

/* Begin XCBuildConfiguration section */
		1D6058940D05DD3E006BFB54 /* Debug */ = {
			isa = XCBuildConfiguration;
			buildSettings = {
				ALWAYS_SEARCH_USER_PATHS = NO;
				COPY_PHASE_STRIP = NO;
				GCC_DYNAMIC_NO_PIC = NO;
				GCC_OPTIMIZATION_LEVEL = 0;
				GCC_PRECOMPILE_PREFIX_HEADER = YES;
				GCC_PREFIX_HEADER = Hoccer_Prefix.pch;
				INFOPLIST_FILE = "Hoccer-Info.plist";
				PRODUCT_NAME = Hoccer;
			};
			name = Debug;
		};
		1D6058950D05DD3E006BFB54 /* Release */ = {
			isa = XCBuildConfiguration;
			buildSettings = {
				ALWAYS_SEARCH_USER_PATHS = NO;
				COPY_PHASE_STRIP = YES;
				GCC_PRECOMPILE_PREFIX_HEADER = YES;
				GCC_PREFIX_HEADER = Hoccer_Prefix.pch;
				INFOPLIST_FILE = "Hoccer-Info.plist";
				PRODUCT_NAME = Hoccer;
			};
			name = Release;
		};
		22762D05105E412B003BF968 /* Debug */ = {
			isa = XCBuildConfiguration;
			buildSettings = {
				ALWAYS_SEARCH_USER_PATHS = NO;
				BUNDLE_LOADER = "";
				COPY_PHASE_STRIP = NO;
				FRAMEWORK_SEARCH_PATHS = "$(DEVELOPER_LIBRARY_DIR)/Frameworks";
				GCC_DYNAMIC_NO_PIC = NO;
				GCC_ENABLE_FIX_AND_CONTINUE = NO;
				GCC_ENABLE_OBJC_EXCEPTIONS = YES;
				GCC_OPTIMIZATION_LEVEL = 0;
				INFOPLIST_FILE = "Test-Info.plist";
				OTHER_LDFLAGS = (
					"-framework",
					SenTestingKit,
					"-framework",
					Foundation,
					"-framework",
					UIKit,
				);
				PREBINDING = NO;
				PRODUCT_NAME = Test;
				TEST_HOST = "";
				WRAPPER_EXTENSION = octest;
			};
			name = Debug;
		};
		22762D06105E412B003BF968 /* Release */ = {
			isa = XCBuildConfiguration;
			buildSettings = {
				ALWAYS_SEARCH_USER_PATHS = NO;
				BUNDLE_LOADER = "";
				COPY_PHASE_STRIP = YES;
				DEBUG_INFORMATION_FORMAT = "dwarf-with-dsym";
				FRAMEWORK_SEARCH_PATHS = "$(DEVELOPER_LIBRARY_DIR)/Frameworks";
				GCC_ENABLE_FIX_AND_CONTINUE = NO;
				GCC_ENABLE_OBJC_EXCEPTIONS = YES;
				INFOPLIST_FILE = "Test-Info.plist";
				OTHER_LDFLAGS = (
					"-framework",
					SenTestingKit,
					"-framework",
					Foundation,
					"-framework",
					UIKit,
				);
				PREBINDING = NO;
				PRODUCT_NAME = Test;
				TEST_HOST = "";
				WRAPPER_EXTENSION = octest;
				ZERO_LINK = NO;
			};
			name = Release;
		};
		C01FCF4F08A954540054247B /* Debug */ = {
			isa = XCBuildConfiguration;
			buildSettings = {
				ADDITIONAL_SDKS = "";
				ARCHS = "$(ARCHS_STANDARD_32_BIT)";
				"CODE_SIGN_IDENTITY[sdk=iphoneos*]" = "iPhone Developer";
				GCC_C_LANGUAGE_STANDARD = c99;
				GCC_WARN_ABOUT_RETURN_TYPE = YES;
				GCC_WARN_UNUSED_VARIABLE = YES;
				OTHER_LDFLAGS = "";
				PREBINDING = NO;
				SDKROOT = iphoneos3.0;
			};
			name = Debug;
		};
		C01FCF5008A954540054247B /* Release */ = {
			isa = XCBuildConfiguration;
			buildSettings = {
				ADDITIONAL_SDKS = "";
				ARCHS = "$(ARCHS_STANDARD_32_BIT)";
				"CODE_SIGN_IDENTITY[sdk=iphoneos*]" = "iPhone Developer";
				GCC_C_LANGUAGE_STANDARD = c99;
				GCC_WARN_ABOUT_RETURN_TYPE = YES;
				GCC_WARN_UNUSED_VARIABLE = YES;
				OTHER_LDFLAGS = "";
				PREBINDING = NO;
				SDKROOT = iphoneos3.0;
			};
			name = Release;
		};
/* End XCBuildConfiguration section */

/* Begin XCConfigurationList section */
		1D6058960D05DD3E006BFB54 /* Build configuration list for PBXNativeTarget "Hoccer" */ = {
			isa = XCConfigurationList;
			buildConfigurations = (
				1D6058940D05DD3E006BFB54 /* Debug */,
				1D6058950D05DD3E006BFB54 /* Release */,
			);
			defaultConfigurationIsVisible = 0;
			defaultConfigurationName = Release;
		};
		22762D07105E412B003BF968 /* Build configuration list for PBXNativeTarget "Test" */ = {
			isa = XCConfigurationList;
			buildConfigurations = (
				22762D05105E412B003BF968 /* Debug */,
				22762D06105E412B003BF968 /* Release */,
			);
			defaultConfigurationIsVisible = 0;
			defaultConfigurationName = Release;
		};
		C01FCF4E08A954540054247B /* Build configuration list for PBXProject "Hoccer" */ = {
			isa = XCConfigurationList;
			buildConfigurations = (
				C01FCF4F08A954540054247B /* Debug */,
				C01FCF5008A954540054247B /* Release */,
			);
			defaultConfigurationIsVisible = 0;
			defaultConfigurationName = Release;
		};
/* End XCConfigurationList section */
	};
	rootObject = 29B97313FDCFA39411CA2CEA /* Project object */;
}
